
Microsoft Visual Studio Solution File, Format Version 12.00
# Visual Studio Version 17
VisualStudioVersion = 17.9.34714.143
MinimumVisualStudioVersion = 10.0.40219.1
Project("{2150E333-8FDC-42A3-9474-1A3956D46DE8}") = "DataverseDialogBuilder.SolutionItems", "DataverseDialogBuilder.SolutionItems", "{CFEACE84-A033-4043-B4FC-31C32FBD58B9}"
	ProjectSection(SolutionItems) = preProject
		.editorconfig = .editorconfig
		.gitignore = .gitignore
		DynamicsCrm.DevKit.Cli.json = DynamicsCrm.DevKit.Cli.json
		DynamicsCrm.DevKit.Config.json = DynamicsCrm.DevKit.Config.json
		DynamicsCrm.DevKit.json = DynamicsCrm.DevKit.json
		README.md = README.md
	EndProjectSection
EndProject
Project("{D954291E-2A0B-460D-934E-DC6B0785DB48}") = "DataverseDialogBuilder.Shared", "DataverseDialogBuilder.Shared\DataverseDialogBuilder.Shared.shproj", "{F0E5283D-A2BA-41B6-8840-F95C30202519}"
EndProject
Project("{FAE04EC0-301F-11D3-BF4B-00C04F79EFBC}") = "DataverseDialogBuilder.WebResource", "DataverseDialogBuilder.WebResource\DataverseDialogBuilder.WebResource.csproj", "{AD79E486-27B7-429D-80C7-A9A3FB2ADB4E}"
EndProject
Project("{FAE04EC0-301F-11D3-BF4B-00C04F79EFBC}") = "DataverseDialogBuilder.CustomAction", "DataverseDialogBuilder.CustomAction\DataverseDialogBuilder.CustomAction.csproj", "{0981D9B5-01D2-4A92-8650-3D90E1CDE4EF}"
EndProject
Project("{2150E333-8FDC-42A3-9474-1A3956D46DE8}") = "DataverseDialogBuilder.GrapesJS", "DataverseDialogBuilder.GrapesJS", "{6E1DAC29-A855-4B33-8D65-1E29F7808402}"
	ProjectSection(SolutionItems) = preProject
		DataverseDialogBuilder.GrapesJS\_index.html = DataverseDialogBuilder.GrapesJS\_index.html
	EndProjectSection
EndProject
Project("{2150E333-8FDC-42A3-9474-1A3956D46DE8}") = "src", "src", "{8DD81CAC-AD4A-432A-BF01-4BD4E4888604}"
	ProjectSection(SolutionItems) = preProject
		DataverseDialogBuilder.GrapesJS\src\blocks.js = DataverseDialogBuilder.GrapesJS\src\blocks.js
		DataverseDialogBuilder.GrapesJS\src\commands.js = DataverseDialogBuilder.GrapesJS\src\commands.js
		DataverseDialogBuilder.GrapesJS\src\commands_button.js = DataverseDialogBuilder.GrapesJS\src\commands_button.js
		DataverseDialogBuilder.GrapesJS\src\const.js = DataverseDialogBuilder.GrapesJS\src\const.js
		DataverseDialogBuilder.GrapesJS\src\controlname.js = DataverseDialogBuilder.GrapesJS\src\controlname.js
		DataverseDialogBuilder.GrapesJS\src\crm.js = DataverseDialogBuilder.GrapesJS\src\crm.js
		DataverseDialogBuilder.GrapesJS\src\guid.js = DataverseDialogBuilder.GrapesJS\src\guid.js
		DataverseDialogBuilder.GrapesJS\src\helper.js = DataverseDialogBuilder.GrapesJS\src\helper.js
		DataverseDialogBuilder.GrapesJS\src\index.js = DataverseDialogBuilder.GrapesJS\src\index.js
		DataverseDialogBuilder.GrapesJS\src\panels.js = DataverseDialogBuilder.GrapesJS\src\panels.js
		DataverseDialogBuilder.GrapesJS\src\traits.js = DataverseDialogBuilder.GrapesJS\src\traits.js
	EndProjectSection
EndProject
Project("{2150E333-8FDC-42A3-9474-1A3956D46DE8}") = "public", "public", "{DF775347-F53E-4B5A-9503-1CC654FDA67B}"
EndProject
Project("{2150E333-8FDC-42A3-9474-1A3956D46DE8}") = "images", "images", "{F06E9CFB-6420-4BE6-8100-580108B7573A}"
	ProjectSection(SolutionItems) = preProject
		DataverseDialogBuilder.GrapesJS\public\images\d365.png = DataverseDialogBuilder.GrapesJS\public\images\d365.png
		DataverseDialogBuilder.GrapesJS\public\images\devkit.png = DataverseDialogBuilder.GrapesJS\public\images\devkit.png
		DataverseDialogBuilder.GrapesJS\public\images\viewfetchxml.png = DataverseDialogBuilder.GrapesJS\public\images\viewfetchxml.png
	EndProjectSection
EndProject
Project("{2150E333-8FDC-42A3-9474-1A3956D46DE8}") = "lib", "lib", "{8FE4CFB2-C3F4-46A1-AA97-D521B6D26224}"
	ProjectSection(SolutionItems) = preProject
		DataverseDialogBuilder.GrapesJS\public\lib\DataverseDialogBuilder.css = DataverseDialogBuilder.GrapesJS\public\lib\DataverseDialogBuilder.css
	EndProjectSection
EndProject
Project("{2150E333-8FDC-42A3-9474-1A3956D46DE8}") = "components", "components", "{7690441C-07B3-4B3A-836F-DB86EFEBC233}"
	ProjectSection(SolutionItems) = preProject
		DataverseDialogBuilder.GrapesJS\src\components\index.js = DataverseDialogBuilder.GrapesJS\src\components\index.js
	EndProjectSection
EndProject
Project("{2150E333-8FDC-42A3-9474-1A3956D46DE8}") = "container", "container", "{D72053F0-4AF4-4EB9-81F1-0C8D9A82BECD}"
	ProjectSection(SolutionItems) = preProject
		DataverseDialogBuilder.GrapesJS\src\components\container\footer.js = DataverseDialogBuilder.GrapesJS\src\components\container\footer.js
		DataverseDialogBuilder.GrapesJS\src\components\container\header.js = DataverseDialogBuilder.GrapesJS\src\components\container\header.js
		DataverseDialogBuilder.GrapesJS\src\components\container\section.js = DataverseDialogBuilder.GrapesJS\src\components\container\section.js
		DataverseDialogBuilder.GrapesJS\src\components\container\sections.js = DataverseDialogBuilder.GrapesJS\src\components\container\sections.js
		DataverseDialogBuilder.GrapesJS\src\components\container\tab.js = DataverseDialogBuilder.GrapesJS\src\components\container\tab.js
		DataverseDialogBuilder.GrapesJS\src\components\container\tabfooter.js = DataverseDialogBuilder.GrapesJS\src\components\container\tabfooter.js
		DataverseDialogBuilder.GrapesJS\src\components\container\tabheader.js = DataverseDialogBuilder.GrapesJS\src\components\container\tabheader.js
		DataverseDialogBuilder.GrapesJS\src\components\container\tabs.js = DataverseDialogBuilder.GrapesJS\src\components\container\tabs.js
	EndProjectSection
EndProject
Project("{2150E333-8FDC-42A3-9474-1A3956D46DE8}") = "control", "control", "{F754BBB0-31DD-4C46-BF7B-94BCD4D1651E}"
	ProjectSection(SolutionItems) = preProject
		DataverseDialogBuilder.GrapesJS\src\components\control\advfind.js = DataverseDialogBuilder.GrapesJS\src\components\control\advfind.js
		DataverseDialogBuilder.GrapesJS\src\components\control\advfindandresult.js = DataverseDialogBuilder.GrapesJS\src\components\control\advfindandresult.js
		DataverseDialogBuilder.GrapesJS\src\components\control\advfindresult.js = DataverseDialogBuilder.GrapesJS\src\components\control\advfindresult.js
		DataverseDialogBuilder.GrapesJS\src\components\control\button.js = DataverseDialogBuilder.GrapesJS\src\components\control\button.js
		DataverseDialogBuilder.GrapesJS\src\components\control\chart.js = DataverseDialogBuilder.GrapesJS\src\components\control\chart.js
		DataverseDialogBuilder.GrapesJS\src\components\control\datetime.js = DataverseDialogBuilder.GrapesJS\src\components\control\datetime.js
		DataverseDialogBuilder.GrapesJS\src\components\control\dropdown.js = DataverseDialogBuilder.GrapesJS\src\components\control\dropdown.js
		DataverseDialogBuilder.GrapesJS\src\components\control\entityoptionset.js = DataverseDialogBuilder.GrapesJS\src\components\control\entityoptionset.js
		DataverseDialogBuilder.GrapesJS\src\components\control\hidden.js = DataverseDialogBuilder.GrapesJS\src\components\control\hidden.js
		DataverseDialogBuilder.GrapesJS\src\components\control\iframe.js = DataverseDialogBuilder.GrapesJS\src\components\control\iframe.js
		DataverseDialogBuilder.GrapesJS\src\components\control\label.js = DataverseDialogBuilder.GrapesJS\src\components\control\label.js
		DataverseDialogBuilder.GrapesJS\src\components\control\lookup.js = DataverseDialogBuilder.GrapesJS\src\components\control\lookup.js
		DataverseDialogBuilder.GrapesJS\src\components\control\multiselectlookup.js = DataverseDialogBuilder.GrapesJS\src\components\control\multiselectlookup.js
		DataverseDialogBuilder.GrapesJS\src\components\control\number.js = DataverseDialogBuilder.GrapesJS\src\components\control\number.js
		DataverseDialogBuilder.GrapesJS\src\components\control\optionset.js = DataverseDialogBuilder.GrapesJS\src\components\control\optionset.js
		DataverseDialogBuilder.GrapesJS\src\components\control\regarding.js = DataverseDialogBuilder.GrapesJS\src\components\control\regarding.js
		DataverseDialogBuilder.GrapesJS\src\components\control\richtextbox.js = DataverseDialogBuilder.GrapesJS\src\components\control\richtextbox.js
		DataverseDialogBuilder.GrapesJS\src\components\control\spacer.js = DataverseDialogBuilder.GrapesJS\src\components\control\spacer.js
		DataverseDialogBuilder.GrapesJS\src\components\control\subgrid.js = DataverseDialogBuilder.GrapesJS\src\components\control\subgrid.js
		DataverseDialogBuilder.GrapesJS\src\components\control\textarea.js = DataverseDialogBuilder.GrapesJS\src\components\control\textarea.js
		DataverseDialogBuilder.GrapesJS\src\components\control\textbox.js = DataverseDialogBuilder.GrapesJS\src\components\control\textbox.js
		DataverseDialogBuilder.GrapesJS\src\components\control\twooptions.js = DataverseDialogBuilder.GrapesJS\src\components\control\twooptions.js
		DataverseDialogBuilder.GrapesJS\src\components\control\unknown.js = DataverseDialogBuilder.GrapesJS\src\components\control\unknown.js
		DataverseDialogBuilder.GrapesJS\src\components\control\upload.js = DataverseDialogBuilder.GrapesJS\src\components\control\upload.js
	EndProjectSection
EndProject
Project("{2150E333-8FDC-42A3-9474-1A3956D46DE8}") = "metadata", "metadata", "{B5E27260-1540-490D-B283-1D07A327E493}"
	ProjectSection(SolutionItems) = preProject
		DataverseDialogBuilder.GrapesJS\src\components\metadata\event.js = DataverseDialogBuilder.GrapesJS\src\components\metadata\event.js
		DataverseDialogBuilder.GrapesJS\src\components\metadata\javascript.js = DataverseDialogBuilder.GrapesJS\src\components\metadata\javascript.js
		DataverseDialogBuilder.GrapesJS\src\components\metadata\metadata.js = DataverseDialogBuilder.GrapesJS\src\components\metadata\metadata.js
		DataverseDialogBuilder.GrapesJS\src\components\metadata\parameter.js = DataverseDialogBuilder.GrapesJS\src\components\metadata\parameter.js
	EndProjectSection
EndProject
Project("{FAE04EC0-301F-11D3-BF4B-00C04F79EFBC}") = "DataverseDialogBuilder.SolutionPackager", "DataverseDialogBuilder.SolutionPackager\DataverseDialogBuilder.SolutionPackager.csproj", "{B94C3190-9318-434A-93CE-A2A34DB7C3A6}"
EndProject
Project("{FAE04EC0-301F-11D3-BF4B-00C04F79EFBC}") = "DataverseDialogBuilder.Console", "DataverseDialogBuilder.Console\DataverseDialogBuilder.Console.csproj", "{EA29C569-1096-4497-BCAE-CE9B90DB3EC0}"
EndProject
Project("{2150E333-8FDC-42A3-9474-1A3956D46DE8}") = "DataverseDialogBuilder.Others", "DataverseDialogBuilder.Others", "{AA34E8A3-BDF5-4BBD-89A5-BC9CC2C66CAF}"
EndProject
Project("{2150E333-8FDC-42A3-9474-1A3956D46DE8}") = "images", "images", "{C37B654A-8165-4E10-8081-6889946A902C}"
	ProjectSection(SolutionItems) = preProject
		DataverseDialogBuilder.Others\images\oob.gif = DataverseDialogBuilder.Others\images\oob.gif
		DataverseDialogBuilder.Others\images\production.gif = DataverseDialogBuilder.Others\images\production.gif
	EndProjectSection
EndProject
Project("{2150E333-8FDC-42A3-9474-1A3956D46DE8}") = "dialogs", "dialogs", "{DB50B421-82F1-4A85-BE28-68664F0587A0}"
	ProjectSection(SolutionItems) = preProject
		DataverseDialogBuilder.Others\dialogs\AccessCheckerDialog.xml = DataverseDialogBuilder.Others\dialogs\AccessCheckerDialog.xml
		DataverseDialogBuilder.Others\dialogs\ActivityDistributionOwnershipPropagation.xml = DataverseDialogBuilder.Others\dialogs\ActivityDistributionOwnershipPropagation.xml
		DataverseDialogBuilder.Others\dialogs\ActivityMonitorOptionsDialog.xml = DataverseDialogBuilder.Others\dialogs\ActivityMonitorOptionsDialog.xml
		DataverseDialogBuilder.Others\dialogs\AddAttachmentToActivity.xml = DataverseDialogBuilder.Others\dialogs\AddAttachmentToActivity.xml
		DataverseDialogBuilder.Others\dialogs\AddAttachmentToEmail.xml = DataverseDialogBuilder.Others\dialogs\AddAttachmentToEmail.xml
		DataverseDialogBuilder.Others\dialogs\AddExisting_KBSearchDialog.xml = DataverseDialogBuilder.Others\dialogs\AddExisting_KBSearchDialog.xml
		DataverseDialogBuilder.Others\dialogs\AddMembers.xml = DataverseDialogBuilder.Others\dialogs\AddMembers.xml
		DataverseDialogBuilder.Others\dialogs\AddProductInOpportunity.xml = DataverseDialogBuilder.Others\dialogs\AddProductInOpportunity.xml
		DataverseDialogBuilder.Others\dialogs\addresourcedialog.xml = DataverseDialogBuilder.Others\dialogs\addresourcedialog.xml
		DataverseDialogBuilder.Others\dialogs\AddresSuggestionsDialog.xml = DataverseDialogBuilder.Others\dialogs\AddresSuggestionsDialog.xml
		DataverseDialogBuilder.Others\dialogs\AddRMAProduct.xml = DataverseDialogBuilder.Others\dialogs\AddRMAProduct.xml
		DataverseDialogBuilder.Others\dialogs\AddSharePointLocation.xml = DataverseDialogBuilder.Others\dialogs\AddSharePointLocation.xml
		DataverseDialogBuilder.Others\dialogs\AddSubject.xml = DataverseDialogBuilder.Others\dialogs\AddSubject.xml
		DataverseDialogBuilder.Others\dialogs\AddToQueue.xml = DataverseDialogBuilder.Others\dialogs\AddToQueue.xml
		DataverseDialogBuilder.Others\dialogs\AddWoProduct.xml = DataverseDialogBuilder.Others\dialogs\AddWoProduct.xml
		DataverseDialogBuilder.Others\dialogs\advanced_find_members.xml = DataverseDialogBuilder.Others\dialogs\advanced_find_members.xml
		DataverseDialogBuilder.Others\dialogs\adx_Change_Password_MDD\adx_Change_Password_MDD.xml = DataverseDialogBuilder.Others\dialogs\adx_Change_Password_MDD\adx_Change_Password_MDD.xml
		DataverseDialogBuilder.Others\dialogs\ApplyCadence.xml = DataverseDialogBuilder.Others\dialogs\ApplyCadence.xml
		DataverseDialogBuilder.Others\dialogs\ApplyEmailTemplate.xml = DataverseDialogBuilder.Others\dialogs\ApplyEmailTemplate.xml
		DataverseDialogBuilder.Others\dialogs\ApplyRecordsToSequence.xml = DataverseDialogBuilder.Others\dialogs\ApplyRecordsToSequence.xml
		DataverseDialogBuilder.Others\dialogs\AppointmentSchedulingConfirmDialog.xml = DataverseDialogBuilder.Others\dialogs\AppointmentSchedulingConfirmDialog.xml
		DataverseDialogBuilder.Others\dialogs\AppointmentSchedulingConflict.xml = DataverseDialogBuilder.Others\dialogs\AppointmentSchedulingConflict.xml
		DataverseDialogBuilder.Others\dialogs\ApproveEmail.xml = DataverseDialogBuilder.Others\dialogs\ApproveEmail.xml
		DataverseDialogBuilder.Others\dialogs\ARCOverwriteActionsInPowerAutomate.xml = DataverseDialogBuilder.Others\dialogs\ARCOverwriteActionsInPowerAutomate.xml
		DataverseDialogBuilder.Others\dialogs\ARCSLAMigrationDialog.xml = DataverseDialogBuilder.Others\dialogs\ARCSLAMigrationDialog.xml
		DataverseDialogBuilder.Others\dialogs\ARCWebClientDeprecationAckDialog.xml = DataverseDialogBuilder.Others\dialogs\ARCWebClientDeprecationAckDialog.xml
		DataverseDialogBuilder.Others\dialogs\ArticleToArticleAssociation.xml = DataverseDialogBuilder.Others\dialogs\ArticleToArticleAssociation.xml
		DataverseDialogBuilder.Others\dialogs\ArticleToCategoryAssociation.xml = DataverseDialogBuilder.Others\dialogs\ArticleToCategoryAssociation.xml
		DataverseDialogBuilder.Others\dialogs\ArticleToProductAssociation.xml = DataverseDialogBuilder.Others\dialogs\ArticleToProductAssociation.xml
		DataverseDialogBuilder.Others\dialogs\Assign\Assign.xml = DataverseDialogBuilder.Others\dialogs\Assign\Assign.xml
		DataverseDialogBuilder.Others\dialogs\AssignQueue.xml = DataverseDialogBuilder.Others\dialogs\AssignQueue.xml
		DataverseDialogBuilder.Others\dialogs\AssociateCase.xml = DataverseDialogBuilder.Others\dialogs\AssociateCase.xml
		DataverseDialogBuilder.Others\dialogs\AttachFileAlert.xml = DataverseDialogBuilder.Others\dialogs\AttachFileAlert.xml
		DataverseDialogBuilder.Others\dialogs\AttachmentPreviewDialog.xml = DataverseDialogBuilder.Others\dialogs\AttachmentPreviewDialog.xml
		DataverseDialogBuilder.Others\dialogs\BookingRule.xml = DataverseDialogBuilder.Others\dialogs\BookingRule.xml
		DataverseDialogBuilder.Others\dialogs\BotDialog.xml = DataverseDialogBuilder.Others\dialogs\BotDialog.xml
		DataverseDialogBuilder.Others\dialogs\BuildTopicModel.xml = DataverseDialogBuilder.Others\dialogs\BuildTopicModel.xml
		DataverseDialogBuilder.Others\dialogs\BulkEmailDialog.xml = DataverseDialogBuilder.Others\dialogs\BulkEmailDialog.xml
		DataverseDialogBuilder.Others\dialogs\BulkEmailSendLaterDialog.xml = DataverseDialogBuilder.Others\dialogs\BulkEmailSendLaterDialog.xml
		DataverseDialogBuilder.Others\dialogs\BusinessClosureDialog.xml = DataverseDialogBuilder.Others\dialogs\BusinessClosureDialog.xml
		DataverseDialogBuilder.Others\dialogs\CancelCase.xml = DataverseDialogBuilder.Others\dialogs\CancelCase.xml
		DataverseDialogBuilder.Others\dialogs\CancelContract.xml = DataverseDialogBuilder.Others\dialogs\CancelContract.xml
		DataverseDialogBuilder.Others\dialogs\CancelEntitlement.xml = DataverseDialogBuilder.Others\dialogs\CancelEntitlement.xml
		DataverseDialogBuilder.Others\dialogs\CaseSettings.xml = DataverseDialogBuilder.Others\dialogs\CaseSettings.xml
		DataverseDialogBuilder.Others\dialogs\ChangeManager.xml = DataverseDialogBuilder.Others\dialogs\ChangeManager.xml
		DataverseDialogBuilder.Others\dialogs\CloseCampaignActivityDialog.xml = DataverseDialogBuilder.Others\dialogs\CloseCampaignActivityDialog.xml
		DataverseDialogBuilder.Others\dialogs\CloseOpportunity.xml = DataverseDialogBuilder.Others\dialogs\CloseOpportunity.xml
		DataverseDialogBuilder.Others\dialogs\CloseOrder.xml = DataverseDialogBuilder.Others\dialogs\CloseOrder.xml
		DataverseDialogBuilder.Others\dialogs\CloseQuote.xml = DataverseDialogBuilder.Others\dialogs\CloseQuote.xml
		DataverseDialogBuilder.Others\dialogs\CompletePhoneCall.xml = DataverseDialogBuilder.Others\dialogs\CompletePhoneCall.xml
		DataverseDialogBuilder.Others\dialogs\ConfigureFieldServiceAutoNumberingDialog.xml = DataverseDialogBuilder.Others\dialogs\ConfigureFieldServiceAutoNumberingDialog.xml
		DataverseDialogBuilder.Others\dialogs\ConfirmReparent.xml = DataverseDialogBuilder.Others\dialogs\ConfirmReparent.xml
		DataverseDialogBuilder.Others\dialogs\ConnectionRoleManageRecordTypesDialog.xml = DataverseDialogBuilder.Others\dialogs\ConnectionRoleManageRecordTypesDialog.xml
		DataverseDialogBuilder.Others\dialogs\ContactHierarchyDetails.xml = DataverseDialogBuilder.Others\dialogs\ContactHierarchyDetails.xml
		DataverseDialogBuilder.Others\dialogs\ContactPreferences.xml = DataverseDialogBuilder.Others\dialogs\ContactPreferences.xml
		DataverseDialogBuilder.Others\dialogs\ContactPreferencesControl.xml = DataverseDialogBuilder.Others\dialogs\ContactPreferencesControl.xml
		DataverseDialogBuilder.Others\dialogs\ContextualEmailSetting.xml = DataverseDialogBuilder.Others\dialogs\ContextualEmailSetting.xml
		DataverseDialogBuilder.Others\dialogs\ConversationAssignDialog.xml = DataverseDialogBuilder.Others\dialogs\ConversationAssignDialog.xml
		DataverseDialogBuilder.Others\dialogs\ConvertActivity.xml = DataverseDialogBuilder.Others\dialogs\ConvertActivity.xml
		DataverseDialogBuilder.Others\dialogs\ConvertCampaignResponse.xml = DataverseDialogBuilder.Others\dialogs\ConvertCampaignResponse.xml
		DataverseDialogBuilder.Others\dialogs\ConvertCampaignResponseToLead.xml = DataverseDialogBuilder.Others\dialogs\ConvertCampaignResponseToLead.xml
		DataverseDialogBuilder.Others\dialogs\ConvertEmailToLead.xml = DataverseDialogBuilder.Others\dialogs\ConvertEmailToLead.xml
		DataverseDialogBuilder.Others\dialogs\ConvertEmailToTemplateDialog.xml = DataverseDialogBuilder.Others\dialogs\ConvertEmailToTemplateDialog.xml
		DataverseDialogBuilder.Others\dialogs\ConvertLeadDialog.xml = DataverseDialogBuilder.Others\dialogs\ConvertLeadDialog.xml
		DataverseDialogBuilder.Others\dialogs\ConvertToCase.xml = DataverseDialogBuilder.Others\dialogs\ConvertToCase.xml
		DataverseDialogBuilder.Others\dialogs\ConvertToKnowledgeArticle.xml = DataverseDialogBuilder.Others\dialogs\ConvertToKnowledgeArticle.xml
		DataverseDialogBuilder.Others\dialogs\CopilotAgentDraftKA.xml = DataverseDialogBuilder.Others\dialogs\CopilotAgentDraftKA.xml
		DataverseDialogBuilder.Others\dialogs\CopyAgreement.xml = DataverseDialogBuilder.Others\dialogs\CopyAgreement.xml
		DataverseDialogBuilder.Others\dialogs\CopyContract.xml = DataverseDialogBuilder.Others\dialogs\CopyContract.xml
		DataverseDialogBuilder.Others\dialogs\CopyContractDlg.xml = DataverseDialogBuilder.Others\dialogs\CopyContractDlg.xml
		DataverseDialogBuilder.Others\dialogs\CopyOpportunityDlg.xml = DataverseDialogBuilder.Others\dialogs\CopyOpportunityDlg.xml
		DataverseDialogBuilder.Others\dialogs\CopyQuoteDlg.xml = DataverseDialogBuilder.Others\dialogs\CopyQuoteDlg.xml
		DataverseDialogBuilder.Others\dialogs\CopyUrlDialog.xml = DataverseDialogBuilder.Others\dialogs\CopyUrlDialog.xml
		DataverseDialogBuilder.Others\dialogs\CreateAnalysisJobDialog.xml = DataverseDialogBuilder.Others\dialogs\CreateAnalysisJobDialog.xml
		DataverseDialogBuilder.Others\dialogs\CreateAndUpdateBusinessClosure.xml = DataverseDialogBuilder.Others\dialogs\CreateAndUpdateBusinessClosure.xml
		DataverseDialogBuilder.Others\dialogs\CreateAutomatedMessage.xml = DataverseDialogBuilder.Others\dialogs\CreateAutomatedMessage.xml
		DataverseDialogBuilder.Others\dialogs\CreateDiscountList.xml = DataverseDialogBuilder.Others\dialogs\CreateDiscountList.xml
		DataverseDialogBuilder.Others\dialogs\CreateMacrosMDD_v2.xml = DataverseDialogBuilder.Others\dialogs\CreateMacrosMDD_v2.xml
		DataverseDialogBuilder.Others\dialogs\CreateOpportunity.xml = DataverseDialogBuilder.Others\dialogs\CreateOpportunity.xml
		DataverseDialogBuilder.Others\dialogs\CreateOrder.xml = DataverseDialogBuilder.Others\dialogs\CreateOrder.xml
		DataverseDialogBuilder.Others\dialogs\CreateOrUpdateBusinessClosure.xml = DataverseDialogBuilder.Others\dialogs\CreateOrUpdateBusinessClosure.xml
		DataverseDialogBuilder.Others\dialogs\CreateOrUpdateCustomerServiceScheduleRule.xml = DataverseDialogBuilder.Others\dialogs\CreateOrUpdateCustomerServiceScheduleRule.xml
		DataverseDialogBuilder.Others\dialogs\CreateOrUpdateHolidayItem.xml = DataverseDialogBuilder.Others\dialogs\CreateOrUpdateHolidayItem.xml
		DataverseDialogBuilder.Others\dialogs\CreateOrUpdateSurveyQuestion.xml = DataverseDialogBuilder.Others\dialogs\CreateOrUpdateSurveyQuestion.xml
		DataverseDialogBuilder.Others\dialogs\CreateOrUpdateTimeSheetDetails.xml = DataverseDialogBuilder.Others\dialogs\CreateOrUpdateTimeSheetDetails.xml
		DataverseDialogBuilder.Others\dialogs\CreatePlaybookActivity.xml = DataverseDialogBuilder.Others\dialogs\CreatePlaybookActivity.xml
		DataverseDialogBuilder.Others\dialogs\CreateQuickCampaign.xml = DataverseDialogBuilder.Others\dialogs\CreateQuickCampaign.xml
		DataverseDialogBuilder.Others\dialogs\CreateRTV.xml = DataverseDialogBuilder.Others\dialogs\CreateRTV.xml
		DataverseDialogBuilder.Others\dialogs\CreateSchedule.xml = DataverseDialogBuilder.Others\dialogs\CreateSchedule.xml
		DataverseDialogBuilder.Others\dialogs\CreateSlaDialog.xml = DataverseDialogBuilder.Others\dialogs\CreateSlaDialog.xml
		DataverseDialogBuilder.Others\dialogs\CreateTemplateDialog.xml = DataverseDialogBuilder.Others\dialogs\CreateTemplateDialog.xml
		DataverseDialogBuilder.Others\dialogs\CreateUnitGroup.xml = DataverseDialogBuilder.Others\dialogs\CreateUnitGroup.xml
		DataverseDialogBuilder.Others\dialogs\CSSDiscoverability.xml = DataverseDialogBuilder.Others\dialogs\CSSDiscoverability.xml
		DataverseDialogBuilder.Others\dialogs\Custom_CommonDialog.xml = DataverseDialogBuilder.Others\dialogs\Custom_CommonDialog.xml
		DataverseDialogBuilder.Others\dialogs\DashboardSaveAs.xml = DataverseDialogBuilder.Others\dialogs\DashboardSaveAs.xml
		DataverseDialogBuilder.Others\dialogs\DelaySend.xml = DataverseDialogBuilder.Others\dialogs\DelaySend.xml
		DataverseDialogBuilder.Others\dialogs\DelaySendControl.xml = DataverseDialogBuilder.Others\dialogs\DelaySendControl.xml
		DataverseDialogBuilder.Others\dialogs\DeleteRecurringAppointment.xml = DataverseDialogBuilder.Others\dialogs\DeleteRecurringAppointment.xml
		DataverseDialogBuilder.Others\dialogs\DeviceSettings.xml = DataverseDialogBuilder.Others\dialogs\DeviceSettings.xml
		DataverseDialogBuilder.Others\dialogs\DeviceSettingsConsentDialog.xml = DataverseDialogBuilder.Others\dialogs\DeviceSettingsConsentDialog.xml
		DataverseDialogBuilder.Others\dialogs\DisableLegacyCreateSlaDialog.xml = DataverseDialogBuilder.Others\dialogs\DisableLegacyCreateSlaDialog.xml
		DataverseDialogBuilder.Others\dialogs\DocumentSuggestions.xml = DataverseDialogBuilder.Others\dialogs\DocumentSuggestions.xml
		DataverseDialogBuilder.Others\dialogs\DocumentTemplateDownload.xml = DataverseDialogBuilder.Others\dialogs\DocumentTemplateDownload.xml
		DataverseDialogBuilder.Others\dialogs\DocumentTemplateUpload.xml = DataverseDialogBuilder.Others\dialogs\DocumentTemplateUpload.xml
		DataverseDialogBuilder.Others\dialogs\DownloadExcelTemplate.xml = DataverseDialogBuilder.Others\dialogs\DownloadExcelTemplate.xml
		DataverseDialogBuilder.Others\dialogs\DuplicateQualifyLeadDialog.xml = DataverseDialogBuilder.Others\dialogs\DuplicateQualifyLeadDialog.xml
		DataverseDialogBuilder.Others\dialogs\DupWarningDialog.xml = DataverseDialogBuilder.Others\dialogs\DupWarningDialog.xml
		DataverseDialogBuilder.Others\dialogs\dynamiclist_queryfind.xml = DataverseDialogBuilder.Others\dialogs\dynamiclist_queryfind.xml
		DataverseDialogBuilder.Others\dialogs\EditContact.xml = DataverseDialogBuilder.Others\dialogs\EditContact.xml
		DataverseDialogBuilder.Others\dialogs\EditCustomisedSystemMessage.xml = DataverseDialogBuilder.Others\dialogs\EditCustomisedSystemMessage.xml
		DataverseDialogBuilder.Others\dialogs\EditPersonalViewInfo.xml = DataverseDialogBuilder.Others\dialogs\EditPersonalViewInfo.xml
		DataverseDialogBuilder.Others\dialogs\EditProperties.xml = DataverseDialogBuilder.Others\dialogs\EditProperties.xml
		DataverseDialogBuilder.Others\dialogs\EditSharePointDocumentProperties.xml = DataverseDialogBuilder.Others\dialogs\EditSharePointDocumentProperties.xml
		DataverseDialogBuilder.Others\dialogs\EditSubject.xml = DataverseDialogBuilder.Others\dialogs\EditSubject.xml
		DataverseDialogBuilder.Others\dialogs\EditSuggestedActivity.xml = DataverseDialogBuilder.Others\dialogs\EditSuggestedActivity.xml
		DataverseDialogBuilder.Others\dialogs\EditTagsDialog.xml = DataverseDialogBuilder.Others\dialogs\EditTagsDialog.xml
		DataverseDialogBuilder.Others\dialogs\EditTrainingRecord.xml = DataverseDialogBuilder.Others\dialogs\EditTrainingRecord.xml
		DataverseDialogBuilder.Others\dialogs\EmailConsentDialog.xml = DataverseDialogBuilder.Others\dialogs\EmailConsentDialog.xml
		DataverseDialogBuilder.Others\dialogs\EmailReminder.xml = DataverseDialogBuilder.Others\dialogs\EmailReminder.xml
		DataverseDialogBuilder.Others\dialogs\EmailReminderControl.xml = DataverseDialogBuilder.Others\dialogs\EmailReminderControl.xml
		DataverseDialogBuilder.Others\dialogs\EmailTemplateDialog.xml = DataverseDialogBuilder.Others\dialogs\EmailTemplateDialog.xml
		DataverseDialogBuilder.Others\dialogs\EmailTemplateInsertDataValue.xml = DataverseDialogBuilder.Others\dialogs\EmailTemplateInsertDataValue.xml
		DataverseDialogBuilder.Others\dialogs\EmailTemplatePreviewDialog.xml = DataverseDialogBuilder.Others\dialogs\EmailTemplatePreviewDialog.xml
		DataverseDialogBuilder.Others\dialogs\EmbeddedKnowledgeSearchControl.xml = DataverseDialogBuilder.Others\dialogs\EmbeddedKnowledgeSearchControl.xml
		DataverseDialogBuilder.Others\dialogs\EnableDisableDiagnosticsDialog.xml = DataverseDialogBuilder.Others\dialogs\EnableDisableDiagnosticsDialog.xml
		DataverseDialogBuilder.Others\dialogs\EndSeriesDialog.xml = DataverseDialogBuilder.Others\dialogs\EndSeriesDialog.xml
		DataverseDialogBuilder.Others\dialogs\EnhancedEmailTemplateDialog.xml = DataverseDialogBuilder.Others\dialogs\EnhancedEmailTemplateDialog.xml
		DataverseDialogBuilder.Others\dialogs\EnhancedErrorDialog.xml = DataverseDialogBuilder.Others\dialogs\EnhancedErrorDialog.xml
		DataverseDialogBuilder.Others\dialogs\EntityImageUpload.xml = DataverseDialogBuilder.Others\dialogs\EntityImageUpload.xml
		DataverseDialogBuilder.Others\dialogs\Excel_Word_Template.xml = DataverseDialogBuilder.Others\dialogs\Excel_Word_Template.xml
		DataverseDialogBuilder.Others\dialogs\ExportToExcel.xml = DataverseDialogBuilder.Others\dialogs\ExportToExcel.xml
		DataverseDialogBuilder.Others\dialogs\ExportToExcelOnlineDialog.xml = DataverseDialogBuilder.Others\dialogs\ExportToExcelOnlineDialog.xml
		DataverseDialogBuilder.Others\dialogs\FrontlineWorkerQuickCreate.xml = DataverseDialogBuilder.Others\dialogs\FrontlineWorkerQuickCreate.xml
		DataverseDialogBuilder.Others\dialogs\GeoCodeDialog\GeoCodeDialog.xml = DataverseDialogBuilder.Others\dialogs\GeoCodeDialog\GeoCodeDialog.xml
		DataverseDialogBuilder.Others\dialogs\GetProducts.xml = DataverseDialogBuilder.Others\dialogs\GetProducts.xml
		DataverseDialogBuilder.Others\dialogs\GoalSettingMDD.xml = DataverseDialogBuilder.Others\dialogs\GoalSettingMDD.xml
		DataverseDialogBuilder.Others\dialogs\GrantAccessDialog.xml = DataverseDialogBuilder.Others\dialogs\GrantAccessDialog.xml
		DataverseDialogBuilder.Others\dialogs\ImportDataSettings.xml = DataverseDialogBuilder.Others\dialogs\ImportDataSettings.xml
		DataverseDialogBuilder.Others\dialogs\ImportExchange.xml = DataverseDialogBuilder.Others\dialogs\ImportExchange.xml
		DataverseDialogBuilder.Others\dialogs\ImportFileUpload.xml = DataverseDialogBuilder.Others\dialogs\ImportFileUpload.xml
		DataverseDialogBuilder.Others\dialogs\ImportMapping.xml = DataverseDialogBuilder.Others\dialogs\ImportMapping.xml
		DataverseDialogBuilder.Others\dialogs\ImportPage.xml = DataverseDialogBuilder.Others\dialogs\ImportPage.xml
		DataverseDialogBuilder.Others\dialogs\ImportProjectEstimatesDialog.xml = DataverseDialogBuilder.Others\dialogs\ImportProjectEstimatesDialog.xml
		DataverseDialogBuilder.Others\dialogs\ImportWizard.xml = DataverseDialogBuilder.Others\dialogs\ImportWizard.xml
		DataverseDialogBuilder.Others\dialogs\incident_summaryControlDialog.xml = DataverseDialogBuilder.Others\dialogs\incident_summaryControlDialog.xml
		DataverseDialogBuilder.Others\dialogs\InFormSchedule.xml = DataverseDialogBuilder.Others\dialogs\InFormSchedule.xml
		DataverseDialogBuilder.Others\dialogs\InsertEmailTemplate_MultiPage_MDD.xml = DataverseDialogBuilder.Others\dialogs\InsertEmailTemplate_MultiPage_MDD.xml
		DataverseDialogBuilder.Others\dialogs\InsertSignature.xml = DataverseDialogBuilder.Others\dialogs\InsertSignature.xml
		DataverseDialogBuilder.Others\dialogs\InvoiceClose.xml = DataverseDialogBuilder.Others\dialogs\InvoiceClose.xml
		DataverseDialogBuilder.Others\dialogs\IoTFlows.xml = DataverseDialogBuilder.Others\dialogs\IoTFlows.xml
		DataverseDialogBuilder.Others\dialogs\IoTPowerBIConfiguration.xml = DataverseDialogBuilder.Others\dialogs\IoTPowerBIConfiguration.xml
		DataverseDialogBuilder.Others\dialogs\IoTWelcome.xml = DataverseDialogBuilder.Others\dialogs\IoTWelcome.xml
		DataverseDialogBuilder.Others\dialogs\JoinTeams.xml = DataverseDialogBuilder.Others\dialogs\JoinTeams.xml
		DataverseDialogBuilder.Others\dialogs\KMChooseLanguage.xml = DataverseDialogBuilder.Others\dialogs\KMChooseLanguage.xml
		DataverseDialogBuilder.Others\dialogs\KMFilters.xml = DataverseDialogBuilder.Others\dialogs\KMFilters.xml
		DataverseDialogBuilder.Others\dialogs\KMInsertArticleV2.xml = DataverseDialogBuilder.Others\dialogs\KMInsertArticleV2.xml
		DataverseDialogBuilder.Others\dialogs\KnowledgeArticleReadDialog.xml = DataverseDialogBuilder.Others\dialogs\KnowledgeArticleReadDialog.xml
		DataverseDialogBuilder.Others\dialogs\KnowledgeSettings.xml = DataverseDialogBuilder.Others\dialogs\KnowledgeSettings.xml
		DataverseDialogBuilder.Others\dialogs\LaunchPlaybook.xml = DataverseDialogBuilder.Others\dialogs\LaunchPlaybook.xml
		DataverseDialogBuilder.Others\dialogs\LeadHygieneDuplicateDialog.xml = DataverseDialogBuilder.Others\dialogs\LeadHygieneDuplicateDialog.xml
		DataverseDialogBuilder.Others\dialogs\LearnMoreDialog.xml = DataverseDialogBuilder.Others\dialogs\LearnMoreDialog.xml
		DataverseDialogBuilder.Others\dialogs\LIIntegrationAdminSettingsDialog.xml = DataverseDialogBuilder.Others\dialogs\LIIntegrationAdminSettingsDialog.xml
		DataverseDialogBuilder.Others\dialogs\list_campaign_association.xml = DataverseDialogBuilder.Others\dialogs\list_campaign_association.xml
		DataverseDialogBuilder.Others\dialogs\Lookup.xml = DataverseDialogBuilder.Others\dialogs\Lookup.xml
		DataverseDialogBuilder.Others\dialogs\LookUpAddress.xml = DataverseDialogBuilder.Others\dialogs\LookUpAddress.xml
		DataverseDialogBuilder.Others\dialogs\LookUpDetailAddress.xml = DataverseDialogBuilder.Others\dialogs\LookUpDetailAddress.xml
		DataverseDialogBuilder.Others\dialogs\MacrosMonitorMDD_v2.xml = DataverseDialogBuilder.Others\dialogs\MacrosMonitorMDD_v2.xml
		DataverseDialogBuilder.Others\dialogs\MailAppAppointmentConflict.xml = DataverseDialogBuilder.Others\dialogs\MailAppAppointmentConflict.xml
		DataverseDialogBuilder.Others\dialogs\MailAppKnowledgeArticle.xml = DataverseDialogBuilder.Others\dialogs\MailAppKnowledgeArticle.xml
		DataverseDialogBuilder.Others\dialogs\MailAppSalesLiterature.xml = DataverseDialogBuilder.Others\dialogs\MailAppSalesLiterature.xml
		DataverseDialogBuilder.Others\dialogs\ManageDuplicates.xml = DataverseDialogBuilder.Others\dialogs\ManageDuplicates.xml
		DataverseDialogBuilder.Others\dialogs\ManageSystemUserRoles.xml = DataverseDialogBuilder.Others\dialogs\ManageSystemUserRoles.xml
		DataverseDialogBuilder.Others\dialogs\ManageTeamRoles.xml = DataverseDialogBuilder.Others\dialogs\ManageTeamRoles.xml
		DataverseDialogBuilder.Others\dialogs\MarketingSettingsMDD.xml = DataverseDialogBuilder.Others\dialogs\MarketingSettingsMDD.xml
		DataverseDialogBuilder.Others\dialogs\MarkExternal.xml = DataverseDialogBuilder.Others\dialogs\MarkExternal.xml
		DataverseDialogBuilder.Others\dialogs\MarkInternal.xml = DataverseDialogBuilder.Others\dialogs\MarkInternal.xml
		DataverseDialogBuilder.Others\dialogs\MaximumPopupsAlert.xml = DataverseDialogBuilder.Others\dialogs\MaximumPopupsAlert.xml
		DataverseDialogBuilder.Others\dialogs\MergeCase.xml = DataverseDialogBuilder.Others\dialogs\MergeCase.xml
		DataverseDialogBuilder.Others\dialogs\MergeRecordsDialog.xml = DataverseDialogBuilder.Others\dialogs\MergeRecordsDialog.xml
		DataverseDialogBuilder.Others\dialogs\MergeSuccessMessage.xml = DataverseDialogBuilder.Others\dialogs\MergeSuccessMessage.xml
		DataverseDialogBuilder.Others\dialogs\MicrosoftFlowsDialog.xml = DataverseDialogBuilder.Others\dialogs\MicrosoftFlowsDialog.xml
		DataverseDialogBuilder.Others\dialogs\MoveRoutingRuleItem.xml = DataverseDialogBuilder.Others\dialogs\MoveRoutingRuleItem.xml
		DataverseDialogBuilder.Others\dialogs\msdyn_AdvancedLookupWrapperDialog.xml = DataverseDialogBuilder.Others\dialogs\msdyn_AdvancedLookupWrapperDialog.xml
		DataverseDialogBuilder.Others\dialogs\msdyn_CompleteBookings.xml = DataverseDialogBuilder.Others\dialogs\msdyn_CompleteBookings.xml
		DataverseDialogBuilder.Others\dialogs\msdyn_ConnectDeviceDialog.xml = DataverseDialogBuilder.Others\dialogs\msdyn_ConnectDeviceDialog.xml
		DataverseDialogBuilder.Others\dialogs\msdyn_CopilotVerbatimFeedbackDialog.xml = DataverseDialogBuilder.Others\dialogs\msdyn_CopilotVerbatimFeedbackDialog.xml
		DataverseDialogBuilder.Others\dialogs\msdyn_CreateIncidentType.xml = DataverseDialogBuilder.Others\dialogs\msdyn_CreateIncidentType.xml
		DataverseDialogBuilder.Others\dialogs\msdyn_IncidentTypeRecommendationDialog.xml = DataverseDialogBuilder.Others\dialogs\msdyn_IncidentTypeRecommendationDialog.xml
		DataverseDialogBuilder.Others\dialogs\msdyn_iotalert_summaryControlDialog.xml = DataverseDialogBuilder.Others\dialogs\msdyn_iotalert_summaryControlDialog.xml
		DataverseDialogBuilder.Others\dialogs\msdyn_IoTSuggestionsConfigurationDialog.xml = DataverseDialogBuilder.Others\dialogs\msdyn_IoTSuggestionsConfigurationDialog.xml
		DataverseDialogBuilder.Others\dialogs\msdyn_OCCreateQueue.xml = DataverseDialogBuilder.Others\dialogs\msdyn_OCCreateQueue.xml
		DataverseDialogBuilder.Others\dialogs\msdyn_OCCreateWorkstream.xml = DataverseDialogBuilder.Others\dialogs\msdyn_OCCreateWorkstream.xml
		DataverseDialogBuilder.Others\dialogs\msdyn_OrganizationSettingDialog.xml = DataverseDialogBuilder.Others\dialogs\msdyn_OrganizationSettingDialog.xml
		DataverseDialogBuilder.Others\dialogs\msdyn_PersonalSettingsDialogbox.xml = DataverseDialogBuilder.Others\dialogs\msdyn_PersonalSettingsDialogbox.xml
		DataverseDialogBuilder.Others\dialogs\msdyn_PowerBIPersonalDashboardDialog.xml = DataverseDialogBuilder.Others\dialogs\msdyn_PowerBIPersonalDashboardDialog.xml
		DataverseDialogBuilder.Others\dialogs\msdyn_RuleBuilderControlDialog.xml = DataverseDialogBuilder.Others\dialogs\msdyn_RuleBuilderControlDialog.xml
		DataverseDialogBuilder.Others\dialogs\msdyn_SendIoTCommandDialog.xml = DataverseDialogBuilder.Others\dialogs\msdyn_SendIoTCommandDialog.xml
		DataverseDialogBuilder.Others\dialogs\msdyn_SubjectManagementControlDialog.xml = DataverseDialogBuilder.Others\dialogs\msdyn_SubjectManagementControlDialog.xml
		DataverseDialogBuilder.Others\dialogs\msdyn_TablePickerDialog.xml = DataverseDialogBuilder.Others\dialogs\msdyn_TablePickerDialog.xml
		DataverseDialogBuilder.Others\dialogs\msdyn_ViewManagementDialog.xml = DataverseDialogBuilder.Others\dialogs\msdyn_ViewManagementDialog.xml
		DataverseDialogBuilder.Others\dialogs\msdyn_ViewUser.xml = DataverseDialogBuilder.Others\dialogs\msdyn_ViewUser.xml
		DataverseDialogBuilder.Others\dialogs\msdyn_workorder_summaryControlDialog.xml = DataverseDialogBuilder.Others\dialogs\msdyn_workorder_summaryControlDialog.xml
		DataverseDialogBuilder.Others\dialogs\MsTeamsMultiChannelDialog.xml = DataverseDialogBuilder.Others\dialogs\MsTeamsMultiChannelDialog.xml
		DataverseDialogBuilder.Others\dialogs\MultiGeoCodeDialog.xml = DataverseDialogBuilder.Others\dialogs\MultiGeoCodeDialog.xml
		DataverseDialogBuilder.Others\dialogs\NewAppointmentsForDistributeCampaignActivity.xml = DataverseDialogBuilder.Others\dialogs\NewAppointmentsForDistributeCampaignActivity.xml
		DataverseDialogBuilder.Others\dialogs\NewEmailsForDistributeCampaignActivity.xml = DataverseDialogBuilder.Others\dialogs\NewEmailsForDistributeCampaignActivity.xml
		DataverseDialogBuilder.Others\dialogs\NewEmailTemplateDialog.xml = DataverseDialogBuilder.Others\dialogs\NewEmailTemplateDialog.xml
		DataverseDialogBuilder.Others\dialogs\NewFaxesForDistributeCampaignActivity.xml = DataverseDialogBuilder.Others\dialogs\NewFaxesForDistributeCampaignActivity.xml
		DataverseDialogBuilder.Others\dialogs\NewLettersForDistributeCampaignActivity.xml = DataverseDialogBuilder.Others\dialogs\NewLettersForDistributeCampaignActivity.xml
		DataverseDialogBuilder.Others\dialogs\NewPhoneCallsForDistributeCampaignActivity.xml = DataverseDialogBuilder.Others\dialogs\NewPhoneCallsForDistributeCampaignActivity.xml
		DataverseDialogBuilder.Others\dialogs\NewSharePointDocument.xml = DataverseDialogBuilder.Others\dialogs\NewSharePointDocument.xml
		DataverseDialogBuilder.Others\dialogs\new_FollowEmail.xml = DataverseDialogBuilder.Others\dialogs\new_FollowEmail.xml
		DataverseDialogBuilder.Others\dialogs\new_UnfollowEmail.xml = DataverseDialogBuilder.Others\dialogs\new_UnfollowEmail.xml
		DataverseDialogBuilder.Others\dialogs\NoChannelMDD.xml = DataverseDialogBuilder.Others\dialogs\NoChannelMDD.xml
		DataverseDialogBuilder.Others\dialogs\OCVFeedbackDlg.xml = DataverseDialogBuilder.Others\dialogs\OCVFeedbackDlg.xml
		DataverseDialogBuilder.Others\dialogs\OfflineStatus.xml = DataverseDialogBuilder.Others\dialogs\OfflineStatus.xml
		DataverseDialogBuilder.Others\dialogs\OneDriveConfigurationDialog.xml = DataverseDialogBuilder.Others\dialogs\OneDriveConfigurationDialog.xml
		DataverseDialogBuilder.Others\dialogs\OneDriveFolderSettings.xml = DataverseDialogBuilder.Others\dialogs\OneDriveFolderSettings.xml
		DataverseDialogBuilder.Others\dialogs\OpenActivitiesDialog.xml = DataverseDialogBuilder.Others\dialogs\OpenActivitiesDialog.xml
		DataverseDialogBuilder.Others\dialogs\OpenExpressionBuilderV2.xml = DataverseDialogBuilder.Others\dialogs\OpenExpressionBuilderV2.xml
		DataverseDialogBuilder.Others\dialogs\OptInFieldServiceAutoNumbering.xml = DataverseDialogBuilder.Others\dialogs\OptInFieldServiceAutoNumbering.xml
		DataverseDialogBuilder.Others\dialogs\OtherDocumentSuggestions.xml = DataverseDialogBuilder.Others\dialogs\OtherDocumentSuggestions.xml
		DataverseDialogBuilder.Others\dialogs\OutlookFreeBusyNewFeatureDialog.xml = DataverseDialogBuilder.Others\dialogs\OutlookFreeBusyNewFeatureDialog.xml
		DataverseDialogBuilder.Others\dialogs\PdfGenerationMDD.xml = DataverseDialogBuilder.Others\dialogs\PdfGenerationMDD.xml
		DataverseDialogBuilder.Others\dialogs\personalizationdialog.xml = DataverseDialogBuilder.Others\dialogs\personalizationdialog.xml
		DataverseDialogBuilder.Others\dialogs\PlayBookSettingsMDD.xml = DataverseDialogBuilder.Others\dialogs\PlayBookSettingsMDD.xml
		DataverseDialogBuilder.Others\dialogs\PowerBIQuickReport.xml = DataverseDialogBuilder.Others\dialogs\PowerBIQuickReport.xml
		DataverseDialogBuilder.Others\dialogs\PreviewProductProperties.xml = DataverseDialogBuilder.Others\dialogs\PreviewProductProperties.xml
		DataverseDialogBuilder.Others\dialogs\ProductDetailsOnInfoIcon.xml = DataverseDialogBuilder.Others\dialogs\ProductDetailsOnInfoIcon.xml
		DataverseDialogBuilder.Others\dialogs\PublishKnowledgeArticle.xml = DataverseDialogBuilder.Others\dialogs\PublishKnowledgeArticle.xml
		DataverseDialogBuilder.Others\dialogs\QueueItemPick.xml = DataverseDialogBuilder.Others\dialogs\QueueItemPick.xml
		DataverseDialogBuilder.Others\dialogs\ReactivateCase.xml = DataverseDialogBuilder.Others\dialogs\ReactivateCase.xml
		DataverseDialogBuilder.Others\dialogs\ReassignAllRecords.xml = DataverseDialogBuilder.Others\dialogs\ReassignAllRecords.xml
		DataverseDialogBuilder.Others\dialogs\ReassignAllRecordsTeam.xml = DataverseDialogBuilder.Others\dialogs\ReassignAllRecordsTeam.xml
		DataverseDialogBuilder.Others\dialogs\RecallApprovedEntriesDlg.xml = DataverseDialogBuilder.Others\dialogs\RecallApprovedEntriesDlg.xml
		DataverseDialogBuilder.Others\dialogs\RecommendedDocument.xml = DataverseDialogBuilder.Others\dialogs\RecommendedDocument.xml
		DataverseDialogBuilder.Others\dialogs\RecurrenceDialog.xml = DataverseDialogBuilder.Others\dialogs\RecurrenceDialog.xml
		DataverseDialogBuilder.Others\dialogs\RejectEmail.xml = DataverseDialogBuilder.Others\dialogs\RejectEmail.xml
		DataverseDialogBuilder.Others\dialogs\RejectionComment.xml = DataverseDialogBuilder.Others\dialogs\RejectionComment.xml
		DataverseDialogBuilder.Others\dialogs\RejectKnowledgeArticle.xml = DataverseDialogBuilder.Others\dialogs\RejectKnowledgeArticle.xml
		DataverseDialogBuilder.Others\dialogs\RelationshipSelectionWordTemplate.xml = DataverseDialogBuilder.Others\dialogs\RelationshipSelectionWordTemplate.xml
		DataverseDialogBuilder.Others\dialogs\RemoveMembers.xml = DataverseDialogBuilder.Others\dialogs\RemoveMembers.xml
		DataverseDialogBuilder.Others\dialogs\RenewContract.xml = DataverseDialogBuilder.Others\dialogs\RenewContract.xml
		DataverseDialogBuilder.Others\dialogs\RenewEntitlement.xml = DataverseDialogBuilder.Others\dialogs\RenewEntitlement.xml
		DataverseDialogBuilder.Others\dialogs\ResolveCase.xml = DataverseDialogBuilder.Others\dialogs\ResolveCase.xml
		DataverseDialogBuilder.Others\dialogs\ResourceResourceGroups.xml = DataverseDialogBuilder.Others\dialogs\ResourceResourceGroups.xml
		DataverseDialogBuilder.Others\dialogs\ResourceServices.xml = DataverseDialogBuilder.Others\dialogs\ResourceServices.xml
		DataverseDialogBuilder.Others\dialogs\RouteQueuedItem.xml = DataverseDialogBuilder.Others\dialogs\RouteQueuedItem.xml
		DataverseDialogBuilder.Others\dialogs\RoutingRuleSetAcivateDialog.xml = DataverseDialogBuilder.Others\dialogs\RoutingRuleSetAcivateDialog.xml
		DataverseDialogBuilder.Others\dialogs\RoutingRuleSetDeactivateDialog.xml = DataverseDialogBuilder.Others\dialogs\RoutingRuleSetDeactivateDialog.xml
		DataverseDialogBuilder.Others\dialogs\RoutingRuleSetSaveAs.xml = DataverseDialogBuilder.Others\dialogs\RoutingRuleSetSaveAs.xml
		DataverseDialogBuilder.Others\dialogs\SaleSettingMDD.xml = DataverseDialogBuilder.Others\dialogs\SaleSettingMDD.xml
		DataverseDialogBuilder.Others\dialogs\SaveAndRouteForPickFailure.xml = DataverseDialogBuilder.Others\dialogs\SaveAndRouteForPickFailure.xml
		DataverseDialogBuilder.Others\dialogs\SaveAsChart.xml = DataverseDialogBuilder.Others\dialogs\SaveAsChart.xml
		DataverseDialogBuilder.Others\dialogs\SaveListAsStatic.xml = DataverseDialogBuilder.Others\dialogs\SaveListAsStatic.xml
		DataverseDialogBuilder.Others\dialogs\SaveNewPersonalView.xml = DataverseDialogBuilder.Others\dialogs\SaveNewPersonalView.xml
		DataverseDialogBuilder.Others\dialogs\SaveSelectionOfResources.xml = DataverseDialogBuilder.Others\dialogs\SaveSelectionOfResources.xml
		DataverseDialogBuilder.Others\dialogs\SelectContractTemplate.xml = DataverseDialogBuilder.Others\dialogs\SelectContractTemplate.xml
		DataverseDialogBuilder.Others\dialogs\SelectEmailTemplate.xml = DataverseDialogBuilder.Others\dialogs\SelectEmailTemplate.xml
		DataverseDialogBuilder.Others\dialogs\SelectEntitlementTemplate.xml = DataverseDialogBuilder.Others\dialogs\SelectEntitlementTemplate.xml
		DataverseDialogBuilder.Others\dialogs\SelectionRuleEditDialog.xml = DataverseDialogBuilder.Others\dialogs\SelectionRuleEditDialog.xml
		DataverseDialogBuilder.Others\dialogs\SelectKnowledgeArticleTemplate.xml = DataverseDialogBuilder.Others\dialogs\SelectKnowledgeArticleTemplate.xml
		DataverseDialogBuilder.Others\dialogs\SelectTemplateRecipient.xml = DataverseDialogBuilder.Others\dialogs\SelectTemplateRecipient.xml
		DataverseDialogBuilder.Others\dialogs\SendIoTCommandDialog.xml = DataverseDialogBuilder.Others\dialogs\SendIoTCommandDialog.xml
		DataverseDialogBuilder.Others\dialogs\SeriesActionDialog.xml = DataverseDialogBuilder.Others\dialogs\SeriesActionDialog.xml
		DataverseDialogBuilder.Others\dialogs\ServiceActivityScheduleDialog.xml = DataverseDialogBuilder.Others\dialogs\ServiceActivityScheduleDialog.xml
		DataverseDialogBuilder.Others\dialogs\ServiceActivityStateChange.xml = DataverseDialogBuilder.Others\dialogs\ServiceActivityStateChange.xml
		DataverseDialogBuilder.Others\dialogs\ServiceAppointmentConflict.xml = DataverseDialogBuilder.Others\dialogs\ServiceAppointmentConflict.xml
		DataverseDialogBuilder.Others\dialogs\ServiceConfigurationSettings.xml = DataverseDialogBuilder.Others\dialogs\ServiceConfigurationSettings.xml
		DataverseDialogBuilder.Others\dialogs\SetAgentPresenceMDD.xml = DataverseDialogBuilder.Others\dialogs\SetAgentPresenceMDD.xml
		DataverseDialogBuilder.Others\dialogs\SetAgentsPresenceBySupervisorMDD.xml = DataverseDialogBuilder.Others\dialogs\SetAgentsPresenceBySupervisorMDD.xml
		DataverseDialogBuilder.Others\dialogs\SetCalendar.xml = DataverseDialogBuilder.Others\dialogs\SetCalendar.xml
		DataverseDialogBuilder.Others\dialogs\SetContractCalendar.xml = DataverseDialogBuilder.Others\dialogs\SetContractCalendar.xml
		DataverseDialogBuilder.Others\dialogs\SetDefaultEntitlement.xml = DataverseDialogBuilder.Others\dialogs\SetDefaultEntitlement.xml
		DataverseDialogBuilder.Others\dialogs\SetRegarding\SetRegarding.xml = DataverseDialogBuilder.Others\dialogs\SetRegarding\SetRegarding.xml
		DataverseDialogBuilder.Others\dialogs\SetRoleDialog.xml = DataverseDialogBuilder.Others\dialogs\SetRoleDialog.xml
		DataverseDialogBuilder.Others\dialogs\SetStateDialog.xml = DataverseDialogBuilder.Others\dialogs\SetStateDialog.xml
		DataverseDialogBuilder.Others\dialogs\Share.xml = DataverseDialogBuilder.Others\dialogs\Share.xml
		DataverseDialogBuilder.Others\dialogs\SharePointDocumentCheckIn.xml = DataverseDialogBuilder.Others\dialogs\SharePointDocumentCheckIn.xml
		DataverseDialogBuilder.Others\dialogs\ShareUrlDialog.xml = DataverseDialogBuilder.Others\dialogs\ShareUrlDialog.xml
		DataverseDialogBuilder.Others\dialogs\ShowPDFPreview.xml = DataverseDialogBuilder.Others\dialogs\ShowPDFPreview.xml
		DataverseDialogBuilder.Others\dialogs\ShowProductInformationDialog.xml = DataverseDialogBuilder.Others\dialogs\ShowProductInformationDialog.xml
		DataverseDialogBuilder.Others\dialogs\SLAWebClientDeprecationAckDialog.xml = DataverseDialogBuilder.Others\dialogs\SLAWebClientDeprecationAckDialog.xml
		DataverseDialogBuilder.Others\dialogs\SMBAddNewTeam.xml = DataverseDialogBuilder.Others\dialogs\SMBAddNewTeam.xml
		DataverseDialogBuilder.Others\dialogs\SMBAddNewUserCustomControlMDD.xml = DataverseDialogBuilder.Others\dialogs\SMBAddNewUserCustomControlMDD.xml
		DataverseDialogBuilder.Others\dialogs\SMBAppViewCustomizationEntityListDialog.xml = DataverseDialogBuilder.Others\dialogs\SMBAppViewCustomizationEntityListDialog.xml
		DataverseDialogBuilder.Others\dialogs\SMBBPFDialog.xml = DataverseDialogBuilder.Others\dialogs\SMBBPFDialog.xml
		DataverseDialogBuilder.Others\dialogs\SMBEditTeam.xml = DataverseDialogBuilder.Others\dialogs\SMBEditTeam.xml
		DataverseDialogBuilder.Others\dialogs\SMBEditUserCustomControlMDD.xml = DataverseDialogBuilder.Others\dialogs\SMBEditUserCustomControlMDD.xml
		DataverseDialogBuilder.Others\dialogs\SMBInviteUserCustomControlMDD.xml = DataverseDialogBuilder.Others\dialogs\SMBInviteUserCustomControlMDD.xml
		DataverseDialogBuilder.Others\dialogs\SMBMailboxAlertListDialog.xml = DataverseDialogBuilder.Others\dialogs\SMBMailboxAlertListDialog.xml
		DataverseDialogBuilder.Others\dialogs\SMSTemplateDialog.xml = DataverseDialogBuilder.Others\dialogs\SMSTemplateDialog.xml
		DataverseDialogBuilder.Others\dialogs\SocialInsightsConfigurationDialog.xml = DataverseDialogBuilder.Others\dialogs\SocialInsightsConfigurationDialog.xml
		DataverseDialogBuilder.Others\dialogs\statetransition.xml = DataverseDialogBuilder.Others\dialogs\statetransition.xml
		DataverseDialogBuilder.Others\dialogs\SubjectProperties.xml = DataverseDialogBuilder.Others\dialogs\SubjectProperties.xml
		DataverseDialogBuilder.Others\dialogs\SubjectTreeControl.xml = DataverseDialogBuilder.Others\dialogs\SubjectTreeControl.xml
		DataverseDialogBuilder.Others\dialogs\SuggestedKeywordsDesc.xml = DataverseDialogBuilder.Others\dialogs\SuggestedKeywordsDesc.xml
		DataverseDialogBuilder.Others\dialogs\SuggestionFeedbackDialog.xml = DataverseDialogBuilder.Others\dialogs\SuggestionFeedbackDialog.xml
		DataverseDialogBuilder.Others\dialogs\SuggestionsControl.xml = DataverseDialogBuilder.Others\dialogs\SuggestionsControl.xml
		DataverseDialogBuilder.Others\dialogs\SupervisorTransferDialog.xml = DataverseDialogBuilder.Others\dialogs\SupervisorTransferDialog.xml
		DataverseDialogBuilder.Others\dialogs\SwitchProcess.xml = DataverseDialogBuilder.Others\dialogs\SwitchProcess.xml
		DataverseDialogBuilder.Others\dialogs\SwitchScenario.xml = DataverseDialogBuilder.Others\dialogs\SwitchScenario.xml
		DataverseDialogBuilder.Others\dialogs\TemplatePreviewGalleryDialog.xml = DataverseDialogBuilder.Others\dialogs\TemplatePreviewGalleryDialog.xml
		DataverseDialogBuilder.Others\dialogs\TestTopicModel.xml = DataverseDialogBuilder.Others\dialogs\TestTopicModel.xml
		DataverseDialogBuilder.Others\dialogs\ThirdPartyChannelPrivacyTermsDialog.xml = DataverseDialogBuilder.Others\dialogs\ThirdPartyChannelPrivacyTermsDialog.xml
		DataverseDialogBuilder.Others\dialogs\TimeEntriesCopyDialog.xml = DataverseDialogBuilder.Others\dialogs\TimeEntriesCopyDialog.xml
		DataverseDialogBuilder.Others\dialogs\TimeEntriesImportFromExchangeAppointmentsDialog.xml = DataverseDialogBuilder.Others\dialogs\TimeEntriesImportFromExchangeAppointmentsDialog.xml
		DataverseDialogBuilder.Others\dialogs\TimeEntriesImportFromResourceAssignmentsDialog.xml = DataverseDialogBuilder.Others\dialogs\TimeEntriesImportFromResourceAssignmentsDialog.xml
		DataverseDialogBuilder.Others\dialogs\TimeEntriesImportFromResourceBookingsDialog.xml = DataverseDialogBuilder.Others\dialogs\TimeEntriesImportFromResourceBookingsDialog.xml
		DataverseDialogBuilder.Others\dialogs\TimeEntriesSelectorDialog.xml = DataverseDialogBuilder.Others\dialogs\TimeEntriesSelectorDialog.xml
		DataverseDialogBuilder.Others\dialogs\TranslateKnowledgeArticle.xml = DataverseDialogBuilder.Others\dialogs\TranslateKnowledgeArticle.xml
		DataverseDialogBuilder.Others\dialogs\UCICaseSettings.xml = DataverseDialogBuilder.Others\dialogs\UCICaseSettings.xml
		DataverseDialogBuilder.Others\dialogs\UCIRecurrenceDialog.xml = DataverseDialogBuilder.Others\dialogs\UCIRecurrenceDialog.xml
		DataverseDialogBuilder.Others\dialogs\UpdateBillingTypeDialog.xml = DataverseDialogBuilder.Others\dialogs\UpdateBillingTypeDialog.xml
		DataverseDialogBuilder.Others\dialogs\UpdatePriceListDlg.xml = DataverseDialogBuilder.Others\dialogs\UpdatePriceListDlg.xml
		DataverseDialogBuilder.Others\dialogs\UpdateSeriesDialog.xml = DataverseDialogBuilder.Others\dialogs\UpdateSeriesDialog.xml
		DataverseDialogBuilder.Others\dialogs\UploadSharePointDocument.xml = DataverseDialogBuilder.Others\dialogs\UploadSharePointDocument.xml
		DataverseDialogBuilder.Others\dialogs\ViewAssignedSequences.xml = DataverseDialogBuilder.Others\dialogs\ViewAssignedSequences.xml
		DataverseDialogBuilder.Others\dialogs\ViewConnectedSequences.xml = DataverseDialogBuilder.Others\dialogs\ViewConnectedSequences.xml
		DataverseDialogBuilder.Others\dialogs\ViewParticipatingRecords.xml = DataverseDialogBuilder.Others\dialogs\ViewParticipatingRecords.xml
		DataverseDialogBuilder.Others\dialogs\WorkHourFormDialog.xml = DataverseDialogBuilder.Others\dialogs\WorkHourFormDialog.xml
		DataverseDialogBuilder.Others\dialogs\WorkHourFormDialogV2.xml = DataverseDialogBuilder.Others\dialogs\WorkHourFormDialogV2.xml
		DataverseDialogBuilder.Others\dialogs\YammerDialog.xml = DataverseDialogBuilder.Others\dialogs\YammerDialog.xml
	EndProjectSection
EndProject
Global
	GlobalSection(SolutionConfigurationPlatforms) = preSolution
		Debug|Any CPU = Debug|Any CPU
		Release|Any CPU = Release|Any CPU
	EndGlobalSection
	GlobalSection(ProjectConfigurationPlatforms) = postSolution
		{AD79E486-27B7-429D-80C7-A9A3FB2ADB4E}.Debug|Any CPU.ActiveCfg = Debug|Any CPU
		{AD79E486-27B7-429D-80C7-A9A3FB2ADB4E}.Release|Any CPU.ActiveCfg = Release|Any CPU
		{AD79E486-27B7-429D-80C7-A9A3FB2ADB4E}.Release|Any CPU.Build.0 = Release|Any CPU
		{0981D9B5-01D2-4A92-8650-3D90E1CDE4EF}.Debug|Any CPU.ActiveCfg = Debug|Any CPU
		{0981D9B5-01D2-4A92-8650-3D90E1CDE4EF}.Release|Any CPU.ActiveCfg = Release|Any CPU
		{0981D9B5-01D2-4A92-8650-3D90E1CDE4EF}.Release|Any CPU.Build.0 = Release|Any CPU
		{B94C3190-9318-434A-93CE-A2A34DB7C3A6}.Debug|Any CPU.ActiveCfg = Debug|Any CPU
		{B94C3190-9318-434A-93CE-A2A34DB7C3A6}.Debug|Any CPU.Build.0 = Debug|Any CPU
		{B94C3190-9318-434A-93CE-A2A34DB7C3A6}.Release|Any CPU.ActiveCfg = Release|Any CPU
		{B94C3190-9318-434A-93CE-A2A34DB7C3A6}.Release|Any CPU.Build.0 = Release|Any CPU
		{EA29C569-1096-4497-BCAE-CE9B90DB3EC0}.Debug|Any CPU.ActiveCfg = Debug|Any CPU
		{EA29C569-1096-4497-BCAE-CE9B90DB3EC0}.Debug|Any CPU.Build.0 = Debug|Any CPU
		{EA29C569-1096-4497-BCAE-CE9B90DB3EC0}.Release|Any CPU.ActiveCfg = Release|Any CPU
		{EA29C569-1096-4497-BCAE-CE9B90DB3EC0}.Release|Any CPU.Build.0 = Release|Any CPU
	EndGlobalSection
	GlobalSection(SolutionProperties) = preSolution
		HideSolutionNode = FALSE
	EndGlobalSection
	GlobalSection(NestedProjects) = preSolution
		{8DD81CAC-AD4A-432A-BF01-4BD4E4888604} = {6E1DAC29-A855-4B33-8D65-1E29F7808402}
		{DF775347-F53E-4B5A-9503-1CC654FDA67B} = {6E1DAC29-A855-4B33-8D65-1E29F7808402}
		{F06E9CFB-6420-4BE6-8100-580108B7573A} = {DF775347-F53E-4B5A-9503-1CC654FDA67B}
		{8FE4CFB2-C3F4-46A1-AA97-D521B6D26224} = {DF775347-F53E-4B5A-9503-1CC654FDA67B}
		{7690441C-07B3-4B3A-836F-DB86EFEBC233} = {8DD81CAC-AD4A-432A-BF01-4BD4E4888604}
		{D72053F0-4AF4-4EB9-81F1-0C8D9A82BECD} = {7690441C-07B3-4B3A-836F-DB86EFEBC233}
		{F754BBB0-31DD-4C46-BF7B-94BCD4D1651E} = {7690441C-07B3-4B3A-836F-DB86EFEBC233}
		{B5E27260-1540-490D-B283-1D07A327E493} = {7690441C-07B3-4B3A-836F-DB86EFEBC233}
		{C37B654A-8165-4E10-8081-6889946A902C} = {AA34E8A3-BDF5-4BBD-89A5-BC9CC2C66CAF}
		{DB50B421-82F1-4A85-BE28-68664F0587A0} = {AA34E8A3-BDF5-4BBD-89A5-BC9CC2C66CAF}
	EndGlobalSection
	GlobalSection(ExtensibilityGlobals) = postSolution
		SolutionGuid = {3A88F471-9287-4B99-A91B-6EC6B9D7F038}
	EndGlobalSection
	GlobalSection(SharedMSBuildProjectFiles) = preSolution
		DataverseDialogBuilder.Shared\DataverseDialogBuilder.Shared.projitems*{0981d9b5-01d2-4a92-8650-3d90e1cde4ef}*SharedItemsImports = 4
		DataverseDialogBuilder.Shared\DataverseDialogBuilder.Shared.projitems*{f0e5283d-a2ba-41b6-8840-f95c30202519}*SharedItemsImports = 13
	EndGlobalSection
EndGlobal
