
Microsoft Visual Studio Solution File, Format Version 12.00
# Visual Studio Version 17
VisualStudioVersion = 17.9.34714.143
MinimumVisualStudioVersion = 10.0.40219.1
Project("{2150E333-8FDC-42A3-9474-1A3956D46DE8}") = "DataverseDialogBuilder.SolutionItems", "DataverseDialogBuilder.SolutionItems", "{CFEACE84-A033-4043-B4FC-31C32FBD58B9}"
	ProjectSection(SolutionItems) = preProject
		.editorconfig = .editorconfig
		.gitignore = .gitignore
		DynamicsCrm.DevKit.Cli.json = DynamicsCrm.DevKit.Cli.json
		DynamicsCrm.DevKit.Config.json = DynamicsCrm.DevKit.Config.json
		DynamicsCrm.DevKit.json = DynamicsCrm.DevKit.json
		README.md = README.md
	EndProjectSection
EndProject
Project("{D954291E-2A0B-460D-934E-DC6B0785DB48}") = "DataverseDialogBuilder.Shared", "DataverseDialogBuilder.Shared\DataverseDialogBuilder.Shared.shproj", "{F0E5283D-A2BA-41B6-8840-F95C30202519}"
EndProject
Project("{FAE04EC0-301F-11D3-BF4B-00C04F79EFBC}") = "DataverseDialogBuilder.WebResource", "DataverseDialogBuilder.WebResource\DataverseDialogBuilder.WebResource.csproj", "{AD79E486-27B7-429D-80C7-A9A3FB2ADB4E}"
EndProject
Project("{FAE04EC0-301F-11D3-BF4B-00C04F79EFBC}") = "DataverseDialogBuilder.CustomAction", "DataverseDialogBuilder.CustomAction\DataverseDialogBuilder.CustomAction.csproj", "{0981D9B5-01D2-4A92-8650-3D90E1CDE4EF}"
EndProject
Project("{2150E333-8FDC-42A3-9474-1A3956D46DE8}") = "DataverseDialogBuilder.GrapesJS", "DataverseDialogBuilder.GrapesJS", "{6E1DAC29-A855-4B33-8D65-1E29F7808402}"
	ProjectSection(SolutionItems) = preProject
		DataverseDialogBuilder.GrapesJS\_index.html = DataverseDialogBuilder.GrapesJS\_index.html
	EndProjectSection
EndProject
Project("{2150E333-8FDC-42A3-9474-1A3956D46DE8}") = "src", "src", "{8DD81CAC-AD4A-432A-BF01-4BD4E4888604}"
	ProjectSection(SolutionItems) = preProject
		DataverseDialogBuilder.GrapesJS\src\blocks.js = DataverseDialogBuilder.GrapesJS\src\blocks.js
		DataverseDialogBuilder.GrapesJS\src\commands.js = DataverseDialogBuilder.GrapesJS\src\commands.js
		DataverseDialogBuilder.GrapesJS\src\commands_button.js = DataverseDialogBuilder.GrapesJS\src\commands_button.js
		DataverseDialogBuilder.GrapesJS\src\const.js = DataverseDialogBuilder.GrapesJS\src\const.js
		DataverseDialogBuilder.GrapesJS\src\controlname.js = DataverseDialogBuilder.GrapesJS\src\controlname.js
		DataverseDialogBuilder.GrapesJS\src\crm.js = DataverseDialogBuilder.GrapesJS\src\crm.js
		DataverseDialogBuilder.GrapesJS\src\guid.js = DataverseDialogBuilder.GrapesJS\src\guid.js
		DataverseDialogBuilder.GrapesJS\src\helper.js = DataverseDialogBuilder.GrapesJS\src\helper.js
		DataverseDialogBuilder.GrapesJS\src\index.js = DataverseDialogBuilder.GrapesJS\src\index.js
		DataverseDialogBuilder.GrapesJS\src\panels.js = DataverseDialogBuilder.GrapesJS\src\panels.js
		DataverseDialogBuilder.GrapesJS\src\traits.js = DataverseDialogBuilder.GrapesJS\src\traits.js
	EndProjectSection
EndProject
Project("{2150E333-8FDC-42A3-9474-1A3956D46DE8}") = "public", "public", "{DF775347-F53E-4B5A-9503-1CC654FDA67B}"
EndProject
Project("{2150E333-8FDC-42A3-9474-1A3956D46DE8}") = "images", "images", "{F06E9CFB-6420-4BE6-8100-580108B7573A}"
	ProjectSection(SolutionItems) = preProject
		DataverseDialogBuilder.GrapesJS\public\images\d365.png = DataverseDialogBuilder.GrapesJS\public\images\d365.png
		DataverseDialogBuilder.GrapesJS\public\images\devkit.png = DataverseDialogBuilder.GrapesJS\public\images\devkit.png
		DataverseDialogBuilder.GrapesJS\public\images\viewfetchxml.png = DataverseDialogBuilder.GrapesJS\public\images\viewfetchxml.png
	EndProjectSection
EndProject
Project("{2150E333-8FDC-42A3-9474-1A3956D46DE8}") = "lib", "lib", "{8FE4CFB2-C3F4-46A1-AA97-D521B6D26224}"
	ProjectSection(SolutionItems) = preProject
		DataverseDialogBuilder.GrapesJS\public\lib\DataverseDialogBuilder.css = DataverseDialogBuilder.GrapesJS\public\lib\DataverseDialogBuilder.css
	EndProjectSection
EndProject
Project("{2150E333-8FDC-42A3-9474-1A3956D46DE8}") = "components", "components", "{7690441C-07B3-4B3A-836F-DB86EFEBC233}"
	ProjectSection(SolutionItems) = preProject
		DataverseDialogBuilder.GrapesJS\src\components\index.js = DataverseDialogBuilder.GrapesJS\src\components\index.js
	EndProjectSection
EndProject
Project("{2150E333-8FDC-42A3-9474-1A3956D46DE8}") = "container", "container", "{D72053F0-4AF4-4EB9-81F1-0C8D9A82BECD}"
	ProjectSection(SolutionItems) = preProject
		DataverseDialogBuilder.GrapesJS\src\components\container\footer.js = DataverseDialogBuilder.GrapesJS\src\components\container\footer.js
		DataverseDialogBuilder.GrapesJS\src\components\container\header.js = DataverseDialogBuilder.GrapesJS\src\components\container\header.js
		DataverseDialogBuilder.GrapesJS\src\components\container\section.js = DataverseDialogBuilder.GrapesJS\src\components\container\section.js
		DataverseDialogBuilder.GrapesJS\src\components\container\sections.js = DataverseDialogBuilder.GrapesJS\src\components\container\sections.js
		DataverseDialogBuilder.GrapesJS\src\components\container\tab.js = DataverseDialogBuilder.GrapesJS\src\components\container\tab.js
		DataverseDialogBuilder.GrapesJS\src\components\container\tabfooter.js = DataverseDialogBuilder.GrapesJS\src\components\container\tabfooter.js
		DataverseDialogBuilder.GrapesJS\src\components\container\tabheader.js = DataverseDialogBuilder.GrapesJS\src\components\container\tabheader.js
		DataverseDialogBuilder.GrapesJS\src\components\container\tabs.js = DataverseDialogBuilder.GrapesJS\src\components\container\tabs.js
	EndProjectSection
EndProject
Project("{2150E333-8FDC-42A3-9474-1A3956D46DE8}") = "control", "control", "{F754BBB0-31DD-4C46-BF7B-94BCD4D1651E}"
	ProjectSection(SolutionItems) = preProject
		DataverseDialogBuilder.GrapesJS\src\components\control\advfind.js = DataverseDialogBuilder.GrapesJS\src\components\control\advfind.js
		DataverseDialogBuilder.GrapesJS\src\components\control\advfindandresult.js = DataverseDialogBuilder.GrapesJS\src\components\control\advfindandresult.js
		DataverseDialogBuilder.GrapesJS\src\components\control\advfindresult.js = DataverseDialogBuilder.GrapesJS\src\components\control\advfindresult.js
		DataverseDialogBuilder.GrapesJS\src\components\control\button.js = DataverseDialogBuilder.GrapesJS\src\components\control\button.js
		DataverseDialogBuilder.GrapesJS\src\components\control\chart.js = DataverseDialogBuilder.GrapesJS\src\components\control\chart.js
		DataverseDialogBuilder.GrapesJS\src\components\control\datetime.js = DataverseDialogBuilder.GrapesJS\src\components\control\datetime.js
		DataverseDialogBuilder.GrapesJS\src\components\control\dropdown.js = DataverseDialogBuilder.GrapesJS\src\components\control\dropdown.js
		DataverseDialogBuilder.GrapesJS\src\components\control\entityoptionset.js = DataverseDialogBuilder.GrapesJS\src\components\control\entityoptionset.js
		DataverseDialogBuilder.GrapesJS\src\components\control\hidden.js = DataverseDialogBuilder.GrapesJS\src\components\control\hidden.js
		DataverseDialogBuilder.GrapesJS\src\components\control\iframe.js = DataverseDialogBuilder.GrapesJS\src\components\control\iframe.js
		DataverseDialogBuilder.GrapesJS\src\components\control\label.js = DataverseDialogBuilder.GrapesJS\src\components\control\label.js
		DataverseDialogBuilder.GrapesJS\src\components\control\lookup.js = DataverseDialogBuilder.GrapesJS\src\components\control\lookup.js
		DataverseDialogBuilder.GrapesJS\src\components\control\multiselectlookup.js = DataverseDialogBuilder.GrapesJS\src\components\control\multiselectlookup.js
		DataverseDialogBuilder.GrapesJS\src\components\control\number.js = DataverseDialogBuilder.GrapesJS\src\components\control\number.js
		DataverseDialogBuilder.GrapesJS\src\components\control\optionset.js = DataverseDialogBuilder.GrapesJS\src\components\control\optionset.js
		DataverseDialogBuilder.GrapesJS\src\components\control\regarding.js = DataverseDialogBuilder.GrapesJS\src\components\control\regarding.js
		DataverseDialogBuilder.GrapesJS\src\components\control\richtextbox.js = DataverseDialogBuilder.GrapesJS\src\components\control\richtextbox.js
		DataverseDialogBuilder.GrapesJS\src\components\control\spacer.js = DataverseDialogBuilder.GrapesJS\src\components\control\spacer.js
		DataverseDialogBuilder.GrapesJS\src\components\control\subgrid.js = DataverseDialogBuilder.GrapesJS\src\components\control\subgrid.js
		DataverseDialogBuilder.GrapesJS\src\components\control\textarea.js = DataverseDialogBuilder.GrapesJS\src\components\control\textarea.js
		DataverseDialogBuilder.GrapesJS\src\components\control\textbox.js = DataverseDialogBuilder.GrapesJS\src\components\control\textbox.js
		DataverseDialogBuilder.GrapesJS\src\components\control\twooptions.js = DataverseDialogBuilder.GrapesJS\src\components\control\twooptions.js
		DataverseDialogBuilder.GrapesJS\src\components\control\unknown.js = DataverseDialogBuilder.GrapesJS\src\components\control\unknown.js
		DataverseDialogBuilder.GrapesJS\src\components\control\upload.js = DataverseDialogBuilder.GrapesJS\src\components\control\upload.js
	EndProjectSection
EndProject
Project("{2150E333-8FDC-42A3-9474-1A3956D46DE8}") = "metadata", "metadata", "{B5E27260-1540-490D-B283-1D07A327E493}"
	ProjectSection(SolutionItems) = preProject
		DataverseDialogBuilder.GrapesJS\src\components\metadata\event.js = DataverseDialogBuilder.GrapesJS\src\components\metadata\event.js
		DataverseDialogBuilder.GrapesJS\src\components\metadata\javascript.js = DataverseDialogBuilder.GrapesJS\src\components\metadata\javascript.js
		DataverseDialogBuilder.GrapesJS\src\components\metadata\metadata.js = DataverseDialogBuilder.GrapesJS\src\components\metadata\metadata.js
		DataverseDialogBuilder.GrapesJS\src\components\metadata\parameter.js = DataverseDialogBuilder.GrapesJS\src\components\metadata\parameter.js
	EndProjectSection
EndProject
Project("{FAE04EC0-301F-11D3-BF4B-00C04F79EFBC}") = "DataverseDialogBuilder.SolutionPackager", "DataverseDialogBuilder.SolutionPackager\DataverseDialogBuilder.SolutionPackager.csproj", "{B94C3190-9318-434A-93CE-A2A34DB7C3A6}"
EndProject
Project("{FAE04EC0-301F-11D3-BF4B-00C04F79EFBC}") = "DataverseDialogBuilder.Console", "DataverseDialogBuilder.Console\DataverseDialogBuilder.Console.csproj", "{EA29C569-1096-4497-BCAE-CE9B90DB3EC0}"
EndProject
Project("{2150E333-8FDC-42A3-9474-1A3956D46DE8}") = "DataverseDialogBuilder.Others", "DataverseDialogBuilder.Others", "{AA34E8A3-BDF5-4BBD-89A5-BC9CC2C66CAF}"
EndProject
Project("{2150E333-8FDC-42A3-9474-1A3956D46DE8}") = "images", "images", "{C37B654A-8165-4E10-8081-6889946A902C}"
	ProjectSection(SolutionItems) = preProject
		DataverseDialogBuilder.Others\images\oob.gif = DataverseDialogBuilder.Others\images\oob.gif
		DataverseDialogBuilder.Others\images\production.gif = DataverseDialogBuilder.Others\images\production.gif
	EndProjectSection
EndProject
Project("{2150E333-8FDC-42A3-9474-1A3956D46DE8}") = "xml", "xml", "{1A12CEB7-56B3-4DB7-B0D9-853B3F606393}"
	ProjectSection(SolutionItems) = preProject
		DataverseDialogBuilder.Others\xml\AccessCheckerDialog.xml = DataverseDialogBuilder.Others\xml\AccessCheckerDialog.xml
		DataverseDialogBuilder.Others\xml\ActivityDistributionOwnershipPropagation.xml = DataverseDialogBuilder.Others\xml\ActivityDistributionOwnershipPropagation.xml
		DataverseDialogBuilder.Others\xml\ActivityMonitorOptionsDialog.xml = DataverseDialogBuilder.Others\xml\ActivityMonitorOptionsDialog.xml
		DataverseDialogBuilder.Others\xml\AddAttachmentToActivity.xml = DataverseDialogBuilder.Others\xml\AddAttachmentToActivity.xml
		DataverseDialogBuilder.Others\xml\AddAttachmentToEmail.xml = DataverseDialogBuilder.Others\xml\AddAttachmentToEmail.xml
		DataverseDialogBuilder.Others\xml\AddExisting_KBSearchDialog.xml = DataverseDialogBuilder.Others\xml\AddExisting_KBSearchDialog.xml
		DataverseDialogBuilder.Others\xml\AddMembers.xml = DataverseDialogBuilder.Others\xml\AddMembers.xml
		DataverseDialogBuilder.Others\xml\AddProductInOpportunity.xml = DataverseDialogBuilder.Others\xml\AddProductInOpportunity.xml
		DataverseDialogBuilder.Others\xml\addresourcedialog.xml = DataverseDialogBuilder.Others\xml\addresourcedialog.xml
		DataverseDialogBuilder.Others\xml\AddresSuggestionsDialog.xml = DataverseDialogBuilder.Others\xml\AddresSuggestionsDialog.xml
		DataverseDialogBuilder.Others\xml\AddRMAProduct.xml = DataverseDialogBuilder.Others\xml\AddRMAProduct.xml
		DataverseDialogBuilder.Others\xml\AddSharePointLocation.xml = DataverseDialogBuilder.Others\xml\AddSharePointLocation.xml
		DataverseDialogBuilder.Others\xml\AddSubject.xml = DataverseDialogBuilder.Others\xml\AddSubject.xml
		DataverseDialogBuilder.Others\xml\AddToQueue.xml = DataverseDialogBuilder.Others\xml\AddToQueue.xml
		DataverseDialogBuilder.Others\xml\AddWoProduct.xml = DataverseDialogBuilder.Others\xml\AddWoProduct.xml
		DataverseDialogBuilder.Others\xml\advanced_find_members.xml = DataverseDialogBuilder.Others\xml\advanced_find_members.xml
		DataverseDialogBuilder.Others\xml\adx_Change_Password_MDD.xml = DataverseDialogBuilder.Others\xml\adx_Change_Password_MDD.xml
		DataverseDialogBuilder.Others\xml\ApplyCadence.xml = DataverseDialogBuilder.Others\xml\ApplyCadence.xml
		DataverseDialogBuilder.Others\xml\ApplyEmailTemplate.xml = DataverseDialogBuilder.Others\xml\ApplyEmailTemplate.xml
		DataverseDialogBuilder.Others\xml\ApplyRecordsToSequence.xml = DataverseDialogBuilder.Others\xml\ApplyRecordsToSequence.xml
		DataverseDialogBuilder.Others\xml\AppointmentSchedulingConfirmDialog.xml = DataverseDialogBuilder.Others\xml\AppointmentSchedulingConfirmDialog.xml
		DataverseDialogBuilder.Others\xml\AppointmentSchedulingConflict.xml = DataverseDialogBuilder.Others\xml\AppointmentSchedulingConflict.xml
		DataverseDialogBuilder.Others\xml\ApproveEmail.xml = DataverseDialogBuilder.Others\xml\ApproveEmail.xml
		DataverseDialogBuilder.Others\xml\ARCOverwriteActionsInPowerAutomate.xml = DataverseDialogBuilder.Others\xml\ARCOverwriteActionsInPowerAutomate.xml
		DataverseDialogBuilder.Others\xml\ARCSLAMigrationDialog.xml = DataverseDialogBuilder.Others\xml\ARCSLAMigrationDialog.xml
		DataverseDialogBuilder.Others\xml\ARCWebClientDeprecationAckDialog.xml = DataverseDialogBuilder.Others\xml\ARCWebClientDeprecationAckDialog.xml
		DataverseDialogBuilder.Others\xml\ArticleToArticleAssociation.xml = DataverseDialogBuilder.Others\xml\ArticleToArticleAssociation.xml
		DataverseDialogBuilder.Others\xml\ArticleToCategoryAssociation.xml = DataverseDialogBuilder.Others\xml\ArticleToCategoryAssociation.xml
		DataverseDialogBuilder.Others\xml\ArticleToProductAssociation.xml = DataverseDialogBuilder.Others\xml\ArticleToProductAssociation.xml
		DataverseDialogBuilder.Others\xml\Assign.xml = DataverseDialogBuilder.Others\xml\Assign.xml
		DataverseDialogBuilder.Others\xml\AssignQueue.xml = DataverseDialogBuilder.Others\xml\AssignQueue.xml
		DataverseDialogBuilder.Others\xml\AssociateCase.xml = DataverseDialogBuilder.Others\xml\AssociateCase.xml
		DataverseDialogBuilder.Others\xml\AttachFileAlert.xml = DataverseDialogBuilder.Others\xml\AttachFileAlert.xml
		DataverseDialogBuilder.Others\xml\AttachmentPreviewDialog.xml = DataverseDialogBuilder.Others\xml\AttachmentPreviewDialog.xml
		DataverseDialogBuilder.Others\xml\BookingRule.xml = DataverseDialogBuilder.Others\xml\BookingRule.xml
		DataverseDialogBuilder.Others\xml\BotDialog.xml = DataverseDialogBuilder.Others\xml\BotDialog.xml
		DataverseDialogBuilder.Others\xml\BuildTopicModel.xml = DataverseDialogBuilder.Others\xml\BuildTopicModel.xml
		DataverseDialogBuilder.Others\xml\BulkEmailDialog.xml = DataverseDialogBuilder.Others\xml\BulkEmailDialog.xml
		DataverseDialogBuilder.Others\xml\BulkEmailSendLaterDialog.xml = DataverseDialogBuilder.Others\xml\BulkEmailSendLaterDialog.xml
		DataverseDialogBuilder.Others\xml\BusinessClosureDialog.xml = DataverseDialogBuilder.Others\xml\BusinessClosureDialog.xml
		DataverseDialogBuilder.Others\xml\CancelCase.xml = DataverseDialogBuilder.Others\xml\CancelCase.xml
		DataverseDialogBuilder.Others\xml\CancelContract.xml = DataverseDialogBuilder.Others\xml\CancelContract.xml
		DataverseDialogBuilder.Others\xml\CancelEntitlement.xml = DataverseDialogBuilder.Others\xml\CancelEntitlement.xml
		DataverseDialogBuilder.Others\xml\CaseSettings.xml = DataverseDialogBuilder.Others\xml\CaseSettings.xml
		DataverseDialogBuilder.Others\xml\ChangeManager.xml = DataverseDialogBuilder.Others\xml\ChangeManager.xml
		DataverseDialogBuilder.Others\xml\CloseCampaignActivityDialog.xml = DataverseDialogBuilder.Others\xml\CloseCampaignActivityDialog.xml
		DataverseDialogBuilder.Others\xml\CloseOpportunity.xml = DataverseDialogBuilder.Others\xml\CloseOpportunity.xml
		DataverseDialogBuilder.Others\xml\CloseOrder.xml = DataverseDialogBuilder.Others\xml\CloseOrder.xml
		DataverseDialogBuilder.Others\xml\CloseQuote.xml = DataverseDialogBuilder.Others\xml\CloseQuote.xml
		DataverseDialogBuilder.Others\xml\CompletePhoneCall.xml = DataverseDialogBuilder.Others\xml\CompletePhoneCall.xml
		DataverseDialogBuilder.Others\xml\ConfigureFieldServiceAutoNumberingDialog.xml = DataverseDialogBuilder.Others\xml\ConfigureFieldServiceAutoNumberingDialog.xml
		DataverseDialogBuilder.Others\xml\ConfirmReparent.xml = DataverseDialogBuilder.Others\xml\ConfirmReparent.xml
		DataverseDialogBuilder.Others\xml\ConnectionRoleManageRecordTypesDialog.xml = DataverseDialogBuilder.Others\xml\ConnectionRoleManageRecordTypesDialog.xml
		DataverseDialogBuilder.Others\xml\ContactHierarchyDetails.xml = DataverseDialogBuilder.Others\xml\ContactHierarchyDetails.xml
		DataverseDialogBuilder.Others\xml\ContactPreferences.xml = DataverseDialogBuilder.Others\xml\ContactPreferences.xml
		DataverseDialogBuilder.Others\xml\ContactPreferencesControl.xml = DataverseDialogBuilder.Others\xml\ContactPreferencesControl.xml
		DataverseDialogBuilder.Others\xml\ContextualEmailSetting.xml = DataverseDialogBuilder.Others\xml\ContextualEmailSetting.xml
		DataverseDialogBuilder.Others\xml\ConversationAssignDialog.xml = DataverseDialogBuilder.Others\xml\ConversationAssignDialog.xml
		DataverseDialogBuilder.Others\xml\ConvertActivity.xml = DataverseDialogBuilder.Others\xml\ConvertActivity.xml
		DataverseDialogBuilder.Others\xml\ConvertCampaignResponse.xml = DataverseDialogBuilder.Others\xml\ConvertCampaignResponse.xml
		DataverseDialogBuilder.Others\xml\ConvertCampaignResponseToLead.xml = DataverseDialogBuilder.Others\xml\ConvertCampaignResponseToLead.xml
		DataverseDialogBuilder.Others\xml\ConvertEmailToLead.xml = DataverseDialogBuilder.Others\xml\ConvertEmailToLead.xml
		DataverseDialogBuilder.Others\xml\ConvertEmailToTemplateDialog.xml = DataverseDialogBuilder.Others\xml\ConvertEmailToTemplateDialog.xml
		DataverseDialogBuilder.Others\xml\ConvertLeadDialog.xml = DataverseDialogBuilder.Others\xml\ConvertLeadDialog.xml
		DataverseDialogBuilder.Others\xml\ConvertToCase.xml = DataverseDialogBuilder.Others\xml\ConvertToCase.xml
		DataverseDialogBuilder.Others\xml\ConvertToKnowledgeArticle.xml = DataverseDialogBuilder.Others\xml\ConvertToKnowledgeArticle.xml
		DataverseDialogBuilder.Others\xml\CopilotAgentDraftKA.xml = DataverseDialogBuilder.Others\xml\CopilotAgentDraftKA.xml
		DataverseDialogBuilder.Others\xml\CopyAgreement.xml = DataverseDialogBuilder.Others\xml\CopyAgreement.xml
		DataverseDialogBuilder.Others\xml\CopyContract.xml = DataverseDialogBuilder.Others\xml\CopyContract.xml
		DataverseDialogBuilder.Others\xml\CopyContractDlg.xml = DataverseDialogBuilder.Others\xml\CopyContractDlg.xml
		DataverseDialogBuilder.Others\xml\CopyOpportunityDlg.xml = DataverseDialogBuilder.Others\xml\CopyOpportunityDlg.xml
		DataverseDialogBuilder.Others\xml\CopyQuoteDlg.xml = DataverseDialogBuilder.Others\xml\CopyQuoteDlg.xml
		DataverseDialogBuilder.Others\xml\CopyUrlDialog.xml = DataverseDialogBuilder.Others\xml\CopyUrlDialog.xml
		DataverseDialogBuilder.Others\xml\CreateAnalysisJobDialog.xml = DataverseDialogBuilder.Others\xml\CreateAnalysisJobDialog.xml
		DataverseDialogBuilder.Others\xml\CreateAndUpdateBusinessClosure.xml = DataverseDialogBuilder.Others\xml\CreateAndUpdateBusinessClosure.xml
		DataverseDialogBuilder.Others\xml\CreateAutomatedMessage.xml = DataverseDialogBuilder.Others\xml\CreateAutomatedMessage.xml
		DataverseDialogBuilder.Others\xml\CreateDiscountList.xml = DataverseDialogBuilder.Others\xml\CreateDiscountList.xml
		DataverseDialogBuilder.Others\xml\CreateMacrosMDD_v2.xml = DataverseDialogBuilder.Others\xml\CreateMacrosMDD_v2.xml
		DataverseDialogBuilder.Others\xml\CreateOpportunity.xml = DataverseDialogBuilder.Others\xml\CreateOpportunity.xml
		DataverseDialogBuilder.Others\xml\CreateOrder.xml = DataverseDialogBuilder.Others\xml\CreateOrder.xml
		DataverseDialogBuilder.Others\xml\CreateOrUpdateBusinessClosure.xml = DataverseDialogBuilder.Others\xml\CreateOrUpdateBusinessClosure.xml
		DataverseDialogBuilder.Others\xml\CreateOrUpdateCustomerServiceScheduleRule.xml = DataverseDialogBuilder.Others\xml\CreateOrUpdateCustomerServiceScheduleRule.xml
		DataverseDialogBuilder.Others\xml\CreateOrUpdateHolidayItem.xml = DataverseDialogBuilder.Others\xml\CreateOrUpdateHolidayItem.xml
		DataverseDialogBuilder.Others\xml\CreateOrUpdateSurveyQuestion.xml = DataverseDialogBuilder.Others\xml\CreateOrUpdateSurveyQuestion.xml
		DataverseDialogBuilder.Others\xml\CreateOrUpdateTimeSheetDetails.xml = DataverseDialogBuilder.Others\xml\CreateOrUpdateTimeSheetDetails.xml
		DataverseDialogBuilder.Others\xml\CreatePlaybookActivity.xml = DataverseDialogBuilder.Others\xml\CreatePlaybookActivity.xml
		DataverseDialogBuilder.Others\xml\CreateQuickCampaign.xml = DataverseDialogBuilder.Others\xml\CreateQuickCampaign.xml
		DataverseDialogBuilder.Others\xml\CreateRTV.xml = DataverseDialogBuilder.Others\xml\CreateRTV.xml
		DataverseDialogBuilder.Others\xml\CreateSchedule.xml = DataverseDialogBuilder.Others\xml\CreateSchedule.xml
		DataverseDialogBuilder.Others\xml\CreateSlaDialog.xml = DataverseDialogBuilder.Others\xml\CreateSlaDialog.xml
		DataverseDialogBuilder.Others\xml\CreateTemplateDialog.xml = DataverseDialogBuilder.Others\xml\CreateTemplateDialog.xml
		DataverseDialogBuilder.Others\xml\CreateUnitGroup.xml = DataverseDialogBuilder.Others\xml\CreateUnitGroup.xml
		DataverseDialogBuilder.Others\xml\CSSDiscoverability.xml = DataverseDialogBuilder.Others\xml\CSSDiscoverability.xml
		DataverseDialogBuilder.Others\xml\Custom_CommonDialog.xml = DataverseDialogBuilder.Others\xml\Custom_CommonDialog.xml
		DataverseDialogBuilder.Others\xml\DelaySend.xml = DataverseDialogBuilder.Others\xml\DelaySend.xml
		DataverseDialogBuilder.Others\xml\DelaySendControl.xml = DataverseDialogBuilder.Others\xml\DelaySendControl.xml
		DataverseDialogBuilder.Others\xml\DeleteRecurringAppointment.xml = DataverseDialogBuilder.Others\xml\DeleteRecurringAppointment.xml
		DataverseDialogBuilder.Others\xml\DeviceSettings.xml = DataverseDialogBuilder.Others\xml\DeviceSettings.xml
		DataverseDialogBuilder.Others\xml\DeviceSettingsConsentDialog.xml = DataverseDialogBuilder.Others\xml\DeviceSettingsConsentDialog.xml
		DataverseDialogBuilder.Others\xml\DisableLegacyCreateSlaDialog.xml = DataverseDialogBuilder.Others\xml\DisableLegacyCreateSlaDialog.xml
		DataverseDialogBuilder.Others\xml\DocumentSuggestions.xml = DataverseDialogBuilder.Others\xml\DocumentSuggestions.xml
		DataverseDialogBuilder.Others\xml\DocumentTemplateDownload.xml = DataverseDialogBuilder.Others\xml\DocumentTemplateDownload.xml
		DataverseDialogBuilder.Others\xml\DocumentTemplateUpload.xml = DataverseDialogBuilder.Others\xml\DocumentTemplateUpload.xml
		DataverseDialogBuilder.Others\xml\DownloadExcelTemplate.xml = DataverseDialogBuilder.Others\xml\DownloadExcelTemplate.xml
		DataverseDialogBuilder.Others\xml\DuplicateQualifyLeadDialog.xml = DataverseDialogBuilder.Others\xml\DuplicateQualifyLeadDialog.xml
		DataverseDialogBuilder.Others\xml\DupWarningDialog.xml = DataverseDialogBuilder.Others\xml\DupWarningDialog.xml
		DataverseDialogBuilder.Others\xml\dynamiclist_queryfind.xml = DataverseDialogBuilder.Others\xml\dynamiclist_queryfind.xml
		DataverseDialogBuilder.Others\xml\EditContact.xml = DataverseDialogBuilder.Others\xml\EditContact.xml
		DataverseDialogBuilder.Others\xml\EditCustomisedSystemMessage.xml = DataverseDialogBuilder.Others\xml\EditCustomisedSystemMessage.xml
		DataverseDialogBuilder.Others\xml\EditPersonalViewInfo.xml = DataverseDialogBuilder.Others\xml\EditPersonalViewInfo.xml
		DataverseDialogBuilder.Others\xml\EditProperties.xml = DataverseDialogBuilder.Others\xml\EditProperties.xml
		DataverseDialogBuilder.Others\xml\EditSharePointDocumentProperties.xml = DataverseDialogBuilder.Others\xml\EditSharePointDocumentProperties.xml
		DataverseDialogBuilder.Others\xml\EditSubject.xml = DataverseDialogBuilder.Others\xml\EditSubject.xml
		DataverseDialogBuilder.Others\xml\EditSuggestedActivity.xml = DataverseDialogBuilder.Others\xml\EditSuggestedActivity.xml
		DataverseDialogBuilder.Others\xml\EditTagsDialog.xml = DataverseDialogBuilder.Others\xml\EditTagsDialog.xml
		DataverseDialogBuilder.Others\xml\EditTrainingRecord.xml = DataverseDialogBuilder.Others\xml\EditTrainingRecord.xml
		DataverseDialogBuilder.Others\xml\EmailConsentDialog.xml = DataverseDialogBuilder.Others\xml\EmailConsentDialog.xml
		DataverseDialogBuilder.Others\xml\EmailReminder.xml = DataverseDialogBuilder.Others\xml\EmailReminder.xml
		DataverseDialogBuilder.Others\xml\EmailReminderControl.xml = DataverseDialogBuilder.Others\xml\EmailReminderControl.xml
		DataverseDialogBuilder.Others\xml\EmailTemplateDialog.xml = DataverseDialogBuilder.Others\xml\EmailTemplateDialog.xml
		DataverseDialogBuilder.Others\xml\EmailTemplateInsertDataValue.xml = DataverseDialogBuilder.Others\xml\EmailTemplateInsertDataValue.xml
		DataverseDialogBuilder.Others\xml\EmailTemplatePreviewDialog.xml = DataverseDialogBuilder.Others\xml\EmailTemplatePreviewDialog.xml
		DataverseDialogBuilder.Others\xml\EmbeddedKnowledgeSearchControl.xml = DataverseDialogBuilder.Others\xml\EmbeddedKnowledgeSearchControl.xml
		DataverseDialogBuilder.Others\xml\EnableDisableDiagnosticsDialog.xml = DataverseDialogBuilder.Others\xml\EnableDisableDiagnosticsDialog.xml
		DataverseDialogBuilder.Others\xml\EndSeriesDialog.xml = DataverseDialogBuilder.Others\xml\EndSeriesDialog.xml
		DataverseDialogBuilder.Others\xml\EnhancedEmailTemplateDialog.xml = DataverseDialogBuilder.Others\xml\EnhancedEmailTemplateDialog.xml
		DataverseDialogBuilder.Others\xml\EnhancedErrorDialog.xml = DataverseDialogBuilder.Others\xml\EnhancedErrorDialog.xml
		DataverseDialogBuilder.Others\xml\EntityImageUpload.xml = DataverseDialogBuilder.Others\xml\EntityImageUpload.xml
		DataverseDialogBuilder.Others\xml\Excel_Word_Template.xml = DataverseDialogBuilder.Others\xml\Excel_Word_Template.xml
		DataverseDialogBuilder.Others\xml\ExportToExcel.xml = DataverseDialogBuilder.Others\xml\ExportToExcel.xml
		DataverseDialogBuilder.Others\xml\ExportToExcelOnlineDialog.xml = DataverseDialogBuilder.Others\xml\ExportToExcelOnlineDialog.xml
		DataverseDialogBuilder.Others\xml\FrontlineWorkerQuickCreate.xml = DataverseDialogBuilder.Others\xml\FrontlineWorkerQuickCreate.xml
		DataverseDialogBuilder.Others\xml\GeoCodeDialog.xml = DataverseDialogBuilder.Others\xml\GeoCodeDialog.xml
		DataverseDialogBuilder.Others\xml\GetProducts.xml = DataverseDialogBuilder.Others\xml\GetProducts.xml
		DataverseDialogBuilder.Others\xml\GoalSettingMDD.xml = DataverseDialogBuilder.Others\xml\GoalSettingMDD.xml
		DataverseDialogBuilder.Others\xml\GrantAccessDialog.xml = DataverseDialogBuilder.Others\xml\GrantAccessDialog.xml
		DataverseDialogBuilder.Others\xml\ImportDataSettings.xml = DataverseDialogBuilder.Others\xml\ImportDataSettings.xml
		DataverseDialogBuilder.Others\xml\ImportExchange.xml = DataverseDialogBuilder.Others\xml\ImportExchange.xml
		DataverseDialogBuilder.Others\xml\ImportFileUpload.xml = DataverseDialogBuilder.Others\xml\ImportFileUpload.xml
		DataverseDialogBuilder.Others\xml\ImportMapping.xml = DataverseDialogBuilder.Others\xml\ImportMapping.xml
		DataverseDialogBuilder.Others\xml\ImportPage.xml = DataverseDialogBuilder.Others\xml\ImportPage.xml
		DataverseDialogBuilder.Others\xml\ImportProjectEstimatesDialog.xml = DataverseDialogBuilder.Others\xml\ImportProjectEstimatesDialog.xml
		DataverseDialogBuilder.Others\xml\ImportWizard.xml = DataverseDialogBuilder.Others\xml\ImportWizard.xml
		DataverseDialogBuilder.Others\xml\incident_summaryControlDialog.xml = DataverseDialogBuilder.Others\xml\incident_summaryControlDialog.xml
		DataverseDialogBuilder.Others\xml\InFormSchedule.xml = DataverseDialogBuilder.Others\xml\InFormSchedule.xml
		DataverseDialogBuilder.Others\xml\InsertEmailTemplate_MultiPage_MDD.xml = DataverseDialogBuilder.Others\xml\InsertEmailTemplate_MultiPage_MDD.xml
		DataverseDialogBuilder.Others\xml\InsertSignature.xml = DataverseDialogBuilder.Others\xml\InsertSignature.xml
		DataverseDialogBuilder.Others\xml\InvoiceClose.xml = DataverseDialogBuilder.Others\xml\InvoiceClose.xml
		DataverseDialogBuilder.Others\xml\IoTFlows.xml = DataverseDialogBuilder.Others\xml\IoTFlows.xml
		DataverseDialogBuilder.Others\xml\IoTPowerBIConfiguration.xml = DataverseDialogBuilder.Others\xml\IoTPowerBIConfiguration.xml
		DataverseDialogBuilder.Others\xml\IoTWelcome.xml = DataverseDialogBuilder.Others\xml\IoTWelcome.xml
		DataverseDialogBuilder.Others\xml\JoinTeams.xml = DataverseDialogBuilder.Others\xml\JoinTeams.xml
		DataverseDialogBuilder.Others\xml\KMChooseLanguage.xml = DataverseDialogBuilder.Others\xml\KMChooseLanguage.xml
		DataverseDialogBuilder.Others\xml\KMFilters.xml = DataverseDialogBuilder.Others\xml\KMFilters.xml
		DataverseDialogBuilder.Others\xml\KMInsertArticleV2.xml = DataverseDialogBuilder.Others\xml\KMInsertArticleV2.xml
		DataverseDialogBuilder.Others\xml\KnowledgeArticleReadDialog.xml = DataverseDialogBuilder.Others\xml\KnowledgeArticleReadDialog.xml
		DataverseDialogBuilder.Others\xml\KnowledgeSettings.xml = DataverseDialogBuilder.Others\xml\KnowledgeSettings.xml
		DataverseDialogBuilder.Others\xml\LaunchPlaybook.xml = DataverseDialogBuilder.Others\xml\LaunchPlaybook.xml
		DataverseDialogBuilder.Others\xml\LeadHygieneDuplicateDialog.xml = DataverseDialogBuilder.Others\xml\LeadHygieneDuplicateDialog.xml
		DataverseDialogBuilder.Others\xml\LearnMoreDialog.xml = DataverseDialogBuilder.Others\xml\LearnMoreDialog.xml
		DataverseDialogBuilder.Others\xml\LIIntegrationAdminSettingsDialog.xml = DataverseDialogBuilder.Others\xml\LIIntegrationAdminSettingsDialog.xml
		DataverseDialogBuilder.Others\xml\list_campaign_association.xml = DataverseDialogBuilder.Others\xml\list_campaign_association.xml
		DataverseDialogBuilder.Others\xml\Lookup.xml = DataverseDialogBuilder.Others\xml\Lookup.xml
		DataverseDialogBuilder.Others\xml\LookUpAddress.xml = DataverseDialogBuilder.Others\xml\LookUpAddress.xml
		DataverseDialogBuilder.Others\xml\LookUpDetailAddress.xml = DataverseDialogBuilder.Others\xml\LookUpDetailAddress.xml
		DataverseDialogBuilder.Others\xml\MacrosMonitorMDD_v2.xml = DataverseDialogBuilder.Others\xml\MacrosMonitorMDD_v2.xml
		DataverseDialogBuilder.Others\xml\MailAppAppointmentConflict.xml = DataverseDialogBuilder.Others\xml\MailAppAppointmentConflict.xml
		DataverseDialogBuilder.Others\xml\MailAppKnowledgeArticle.xml = DataverseDialogBuilder.Others\xml\MailAppKnowledgeArticle.xml
		DataverseDialogBuilder.Others\xml\MailAppSalesLiterature.xml = DataverseDialogBuilder.Others\xml\MailAppSalesLiterature.xml
		DataverseDialogBuilder.Others\xml\ManageDuplicates.xml = DataverseDialogBuilder.Others\xml\ManageDuplicates.xml
		DataverseDialogBuilder.Others\xml\ManageSystemUserRoles.xml = DataverseDialogBuilder.Others\xml\ManageSystemUserRoles.xml
		DataverseDialogBuilder.Others\xml\ManageTeamRoles.xml = DataverseDialogBuilder.Others\xml\ManageTeamRoles.xml
		DataverseDialogBuilder.Others\xml\MarketingSettingsMDD.xml = DataverseDialogBuilder.Others\xml\MarketingSettingsMDD.xml
		DataverseDialogBuilder.Others\xml\MarkExternal.xml = DataverseDialogBuilder.Others\xml\MarkExternal.xml
		DataverseDialogBuilder.Others\xml\MarkInternal.xml = DataverseDialogBuilder.Others\xml\MarkInternal.xml
		DataverseDialogBuilder.Others\xml\MaximumPopupsAlert.xml = DataverseDialogBuilder.Others\xml\MaximumPopupsAlert.xml
		DataverseDialogBuilder.Others\xml\MergeCase.xml = DataverseDialogBuilder.Others\xml\MergeCase.xml
		DataverseDialogBuilder.Others\xml\MergeRecordsDialog.xml = DataverseDialogBuilder.Others\xml\MergeRecordsDialog.xml
		DataverseDialogBuilder.Others\xml\MergeSuccessMessage.xml = DataverseDialogBuilder.Others\xml\MergeSuccessMessage.xml
		DataverseDialogBuilder.Others\xml\MicrosoftFlowsDialog.xml = DataverseDialogBuilder.Others\xml\MicrosoftFlowsDialog.xml
		DataverseDialogBuilder.Others\xml\MoveRoutingRuleItem.xml = DataverseDialogBuilder.Others\xml\MoveRoutingRuleItem.xml
		DataverseDialogBuilder.Others\xml\msdyn_AdvancedLookupWrapperDialog.xml = DataverseDialogBuilder.Others\xml\msdyn_AdvancedLookupWrapperDialog.xml
		DataverseDialogBuilder.Others\xml\msdyn_CompleteBookings.xml = DataverseDialogBuilder.Others\xml\msdyn_CompleteBookings.xml
		DataverseDialogBuilder.Others\xml\msdyn_ConnectDeviceDialog.xml = DataverseDialogBuilder.Others\xml\msdyn_ConnectDeviceDialog.xml
		DataverseDialogBuilder.Others\xml\msdyn_CopilotVerbatimFeedbackDialog.xml = DataverseDialogBuilder.Others\xml\msdyn_CopilotVerbatimFeedbackDialog.xml
		DataverseDialogBuilder.Others\xml\msdyn_CreateIncidentType.xml = DataverseDialogBuilder.Others\xml\msdyn_CreateIncidentType.xml
		DataverseDialogBuilder.Others\xml\msdyn_IncidentTypeRecommendationDialog.xml = DataverseDialogBuilder.Others\xml\msdyn_IncidentTypeRecommendationDialog.xml
		DataverseDialogBuilder.Others\xml\msdyn_iotalert_summaryControlDialog.xml = DataverseDialogBuilder.Others\xml\msdyn_iotalert_summaryControlDialog.xml
		DataverseDialogBuilder.Others\xml\msdyn_IoTSuggestionsConfigurationDialog.xml = DataverseDialogBuilder.Others\xml\msdyn_IoTSuggestionsConfigurationDialog.xml
		DataverseDialogBuilder.Others\xml\msdyn_OCCreateQueue.xml = DataverseDialogBuilder.Others\xml\msdyn_OCCreateQueue.xml
		DataverseDialogBuilder.Others\xml\msdyn_OCCreateWorkstream.xml = DataverseDialogBuilder.Others\xml\msdyn_OCCreateWorkstream.xml
		DataverseDialogBuilder.Others\xml\msdyn_OrganizationSettingDialog.xml = DataverseDialogBuilder.Others\xml\msdyn_OrganizationSettingDialog.xml
		DataverseDialogBuilder.Others\xml\msdyn_PersonalSettingsDialogbox.xml = DataverseDialogBuilder.Others\xml\msdyn_PersonalSettingsDialogbox.xml
		DataverseDialogBuilder.Others\xml\msdyn_PowerBIPersonalDashboardDialog.xml = DataverseDialogBuilder.Others\xml\msdyn_PowerBIPersonalDashboardDialog.xml
		DataverseDialogBuilder.Others\xml\msdyn_RuleBuilderControlDialog.xml = DataverseDialogBuilder.Others\xml\msdyn_RuleBuilderControlDialog.xml
		DataverseDialogBuilder.Others\xml\msdyn_SendIoTCommandDialog.xml = DataverseDialogBuilder.Others\xml\msdyn_SendIoTCommandDialog.xml
		DataverseDialogBuilder.Others\xml\msdyn_SubjectManagementControlDialog.xml = DataverseDialogBuilder.Others\xml\msdyn_SubjectManagementControlDialog.xml
		DataverseDialogBuilder.Others\xml\msdyn_TablePickerDialog.xml = DataverseDialogBuilder.Others\xml\msdyn_TablePickerDialog.xml
		DataverseDialogBuilder.Others\xml\msdyn_ViewManagementDialog.xml = DataverseDialogBuilder.Others\xml\msdyn_ViewManagementDialog.xml
		DataverseDialogBuilder.Others\xml\msdyn_ViewUser.xml = DataverseDialogBuilder.Others\xml\msdyn_ViewUser.xml
		DataverseDialogBuilder.Others\xml\msdyn_workorder_summaryControlDialog.xml = DataverseDialogBuilder.Others\xml\msdyn_workorder_summaryControlDialog.xml
		DataverseDialogBuilder.Others\xml\MsTeamsMultiChannelDialog.xml = DataverseDialogBuilder.Others\xml\MsTeamsMultiChannelDialog.xml
		DataverseDialogBuilder.Others\xml\MultiGeoCodeDialog.xml = DataverseDialogBuilder.Others\xml\MultiGeoCodeDialog.xml
		DataverseDialogBuilder.Others\xml\NewAppointmentsForDistributeCampaignActivity.xml = DataverseDialogBuilder.Others\xml\NewAppointmentsForDistributeCampaignActivity.xml
		DataverseDialogBuilder.Others\xml\NewEmailsForDistributeCampaignActivity.xml = DataverseDialogBuilder.Others\xml\NewEmailsForDistributeCampaignActivity.xml
		DataverseDialogBuilder.Others\xml\NewEmailTemplateDialog.xml = DataverseDialogBuilder.Others\xml\NewEmailTemplateDialog.xml
		DataverseDialogBuilder.Others\xml\NewFaxesForDistributeCampaignActivity.xml = DataverseDialogBuilder.Others\xml\NewFaxesForDistributeCampaignActivity.xml
		DataverseDialogBuilder.Others\xml\NewLettersForDistributeCampaignActivity.xml = DataverseDialogBuilder.Others\xml\NewLettersForDistributeCampaignActivity.xml
		DataverseDialogBuilder.Others\xml\NewPhoneCallsForDistributeCampaignActivity.xml = DataverseDialogBuilder.Others\xml\NewPhoneCallsForDistributeCampaignActivity.xml
		DataverseDialogBuilder.Others\xml\NewSharePointDocument.xml = DataverseDialogBuilder.Others\xml\NewSharePointDocument.xml
		DataverseDialogBuilder.Others\xml\new_FollowEmail.xml = DataverseDialogBuilder.Others\xml\new_FollowEmail.xml
		DataverseDialogBuilder.Others\xml\new_UnfollowEmail.xml = DataverseDialogBuilder.Others\xml\new_UnfollowEmail.xml
		DataverseDialogBuilder.Others\xml\NoChannelMDD.xml = DataverseDialogBuilder.Others\xml\NoChannelMDD.xml
		DataverseDialogBuilder.Others\xml\OCVFeedbackDlg.xml = DataverseDialogBuilder.Others\xml\OCVFeedbackDlg.xml
		DataverseDialogBuilder.Others\xml\OfflineStatus.xml = DataverseDialogBuilder.Others\xml\OfflineStatus.xml
		DataverseDialogBuilder.Others\xml\OneDriveConfigurationDialog.xml = DataverseDialogBuilder.Others\xml\OneDriveConfigurationDialog.xml
		DataverseDialogBuilder.Others\xml\OneDriveFolderSettings.xml = DataverseDialogBuilder.Others\xml\OneDriveFolderSettings.xml
		DataverseDialogBuilder.Others\xml\OpenActivitiesDialog.xml = DataverseDialogBuilder.Others\xml\OpenActivitiesDialog.xml
		DataverseDialogBuilder.Others\xml\OpenExpressionBuilderV2.xml = DataverseDialogBuilder.Others\xml\OpenExpressionBuilderV2.xml
		DataverseDialogBuilder.Others\xml\OptInFieldServiceAutoNumbering.xml = DataverseDialogBuilder.Others\xml\OptInFieldServiceAutoNumbering.xml
		DataverseDialogBuilder.Others\xml\OtherDocumentSuggestions.xml = DataverseDialogBuilder.Others\xml\OtherDocumentSuggestions.xml
		DataverseDialogBuilder.Others\xml\OutlookFreeBusyNewFeatureDialog.xml = DataverseDialogBuilder.Others\xml\OutlookFreeBusyNewFeatureDialog.xml
		DataverseDialogBuilder.Others\xml\PdfGenerationMDD.xml = DataverseDialogBuilder.Others\xml\PdfGenerationMDD.xml
		DataverseDialogBuilder.Others\xml\personalizationdialog.xml = DataverseDialogBuilder.Others\xml\personalizationdialog.xml
		DataverseDialogBuilder.Others\xml\PlayBookSettingsMDD.xml = DataverseDialogBuilder.Others\xml\PlayBookSettingsMDD.xml
		DataverseDialogBuilder.Others\xml\pl_dataversedialogbuilder_demo.xml = DataverseDialogBuilder.Others\xml\pl_dataversedialogbuilder_demo.xml
		DataverseDialogBuilder.Others\xml\pl_dataversedialogbuilder_open.xml = DataverseDialogBuilder.Others\xml\pl_dataversedialogbuilder_open.xml
		DataverseDialogBuilder.Others\xml\pl_dataversedialogbuilder_preview.xml = DataverseDialogBuilder.Others\xml\pl_dataversedialogbuilder_preview.xml
		DataverseDialogBuilder.Others\xml\PowerBIQuickReport.xml = DataverseDialogBuilder.Others\xml\PowerBIQuickReport.xml
		DataverseDialogBuilder.Others\xml\PreviewProductProperties.xml = DataverseDialogBuilder.Others\xml\PreviewProductProperties.xml
		DataverseDialogBuilder.Others\xml\ProductDetailsOnInfoIcon.xml = DataverseDialogBuilder.Others\xml\ProductDetailsOnInfoIcon.xml
		DataverseDialogBuilder.Others\xml\PublishKnowledgeArticle.xml = DataverseDialogBuilder.Others\xml\PublishKnowledgeArticle.xml
		DataverseDialogBuilder.Others\xml\QueueItemPick.xml = DataverseDialogBuilder.Others\xml\QueueItemPick.xml
		DataverseDialogBuilder.Others\xml\ReactivateCase.xml = DataverseDialogBuilder.Others\xml\ReactivateCase.xml
		DataverseDialogBuilder.Others\xml\ReassignAllRecords.xml = DataverseDialogBuilder.Others\xml\ReassignAllRecords.xml
		DataverseDialogBuilder.Others\xml\ReassignAllRecordsTeam.xml = DataverseDialogBuilder.Others\xml\ReassignAllRecordsTeam.xml
		DataverseDialogBuilder.Others\xml\RecallApprovedEntriesDlg.xml = DataverseDialogBuilder.Others\xml\RecallApprovedEntriesDlg.xml
		DataverseDialogBuilder.Others\xml\RecommendedDocument.xml = DataverseDialogBuilder.Others\xml\RecommendedDocument.xml
		DataverseDialogBuilder.Others\xml\RecurrenceDialog.xml = DataverseDialogBuilder.Others\xml\RecurrenceDialog.xml
		DataverseDialogBuilder.Others\xml\RejectEmail.xml = DataverseDialogBuilder.Others\xml\RejectEmail.xml
		DataverseDialogBuilder.Others\xml\RejectionComment.xml = DataverseDialogBuilder.Others\xml\RejectionComment.xml
		DataverseDialogBuilder.Others\xml\RejectKnowledgeArticle.xml = DataverseDialogBuilder.Others\xml\RejectKnowledgeArticle.xml
		DataverseDialogBuilder.Others\xml\RelationshipSelectionWordTemplate.xml = DataverseDialogBuilder.Others\xml\RelationshipSelectionWordTemplate.xml
		DataverseDialogBuilder.Others\xml\RemoveMembers.xml = DataverseDialogBuilder.Others\xml\RemoveMembers.xml
		DataverseDialogBuilder.Others\xml\RenewContract.xml = DataverseDialogBuilder.Others\xml\RenewContract.xml
		DataverseDialogBuilder.Others\xml\RenewEntitlement.xml = DataverseDialogBuilder.Others\xml\RenewEntitlement.xml
		DataverseDialogBuilder.Others\xml\ResolveCase.xml = DataverseDialogBuilder.Others\xml\ResolveCase.xml
		DataverseDialogBuilder.Others\xml\ResourceResourceGroups.xml = DataverseDialogBuilder.Others\xml\ResourceResourceGroups.xml
		DataverseDialogBuilder.Others\xml\ResourceServices.xml = DataverseDialogBuilder.Others\xml\ResourceServices.xml
		DataverseDialogBuilder.Others\xml\RouteQueuedItem.xml = DataverseDialogBuilder.Others\xml\RouteQueuedItem.xml
		DataverseDialogBuilder.Others\xml\RoutingRuleSetAcivateDialog.xml = DataverseDialogBuilder.Others\xml\RoutingRuleSetAcivateDialog.xml
		DataverseDialogBuilder.Others\xml\RoutingRuleSetDeactivateDialog.xml = DataverseDialogBuilder.Others\xml\RoutingRuleSetDeactivateDialog.xml
		DataverseDialogBuilder.Others\xml\RoutingRuleSetSaveAs.xml = DataverseDialogBuilder.Others\xml\RoutingRuleSetSaveAs.xml
		DataverseDialogBuilder.Others\xml\SaleSettingMDD.xml = DataverseDialogBuilder.Others\xml\SaleSettingMDD.xml
		DataverseDialogBuilder.Others\xml\SaveAndRouteForPickFailure.xml = DataverseDialogBuilder.Others\xml\SaveAndRouteForPickFailure.xml
		DataverseDialogBuilder.Others\xml\SaveListAsStatic.xml = DataverseDialogBuilder.Others\xml\SaveListAsStatic.xml
		DataverseDialogBuilder.Others\xml\SaveNewPersonalView.xml = DataverseDialogBuilder.Others\xml\SaveNewPersonalView.xml
		DataverseDialogBuilder.Others\xml\SaveSelectionOfResources.xml = DataverseDialogBuilder.Others\xml\SaveSelectionOfResources.xml
		DataverseDialogBuilder.Others\xml\SelectContractTemplate.xml = DataverseDialogBuilder.Others\xml\SelectContractTemplate.xml
		DataverseDialogBuilder.Others\xml\SelectEmailTemplate.xml = DataverseDialogBuilder.Others\xml\SelectEmailTemplate.xml
		DataverseDialogBuilder.Others\xml\SelectEntitlementTemplate.xml = DataverseDialogBuilder.Others\xml\SelectEntitlementTemplate.xml
		DataverseDialogBuilder.Others\xml\SelectionRuleEditDialog.xml = DataverseDialogBuilder.Others\xml\SelectionRuleEditDialog.xml
		DataverseDialogBuilder.Others\xml\SelectKnowledgeArticleTemplate.xml = DataverseDialogBuilder.Others\xml\SelectKnowledgeArticleTemplate.xml
		DataverseDialogBuilder.Others\xml\SelectTemplateRecipient.xml = DataverseDialogBuilder.Others\xml\SelectTemplateRecipient.xml
		DataverseDialogBuilder.Others\xml\SendIoTCommandDialog.xml = DataverseDialogBuilder.Others\xml\SendIoTCommandDialog.xml
		DataverseDialogBuilder.Others\xml\SeriesActionDialog.xml = DataverseDialogBuilder.Others\xml\SeriesActionDialog.xml
		DataverseDialogBuilder.Others\xml\ServiceActivityScheduleDialog.xml = DataverseDialogBuilder.Others\xml\ServiceActivityScheduleDialog.xml
		DataverseDialogBuilder.Others\xml\ServiceActivityStateChange.xml = DataverseDialogBuilder.Others\xml\ServiceActivityStateChange.xml
		DataverseDialogBuilder.Others\xml\ServiceAppointmentConflict.xml = DataverseDialogBuilder.Others\xml\ServiceAppointmentConflict.xml
		DataverseDialogBuilder.Others\xml\ServiceConfigurationSettings.xml = DataverseDialogBuilder.Others\xml\ServiceConfigurationSettings.xml
		DataverseDialogBuilder.Others\xml\SetAgentPresenceMDD.xml = DataverseDialogBuilder.Others\xml\SetAgentPresenceMDD.xml
		DataverseDialogBuilder.Others\xml\SetAgentsPresenceBySupervisorMDD.xml = DataverseDialogBuilder.Others\xml\SetAgentsPresenceBySupervisorMDD.xml
		DataverseDialogBuilder.Others\xml\SetCalendar.xml = DataverseDialogBuilder.Others\xml\SetCalendar.xml
		DataverseDialogBuilder.Others\xml\SetContractCalendar.xml = DataverseDialogBuilder.Others\xml\SetContractCalendar.xml
		DataverseDialogBuilder.Others\xml\SetDefaultEntitlement.xml = DataverseDialogBuilder.Others\xml\SetDefaultEntitlement.xml
		DataverseDialogBuilder.Others\xml\SetRegarding.xml = DataverseDialogBuilder.Others\xml\SetRegarding.xml
		DataverseDialogBuilder.Others\xml\SetRoleDialog.xml = DataverseDialogBuilder.Others\xml\SetRoleDialog.xml
		DataverseDialogBuilder.Others\xml\SetStateDialog.xml = DataverseDialogBuilder.Others\xml\SetStateDialog.xml
		DataverseDialogBuilder.Others\xml\Share.xml = DataverseDialogBuilder.Others\xml\Share.xml
		DataverseDialogBuilder.Others\xml\SharePointDocumentCheckIn.xml = DataverseDialogBuilder.Others\xml\SharePointDocumentCheckIn.xml
		DataverseDialogBuilder.Others\xml\ShareUrlDialog.xml = DataverseDialogBuilder.Others\xml\ShareUrlDialog.xml
		DataverseDialogBuilder.Others\xml\ShowPDFPreview.xml = DataverseDialogBuilder.Others\xml\ShowPDFPreview.xml
		DataverseDialogBuilder.Others\xml\ShowProductInformationDialog.xml = DataverseDialogBuilder.Others\xml\ShowProductInformationDialog.xml
		DataverseDialogBuilder.Others\xml\SLAWebClientDeprecationAckDialog.xml = DataverseDialogBuilder.Others\xml\SLAWebClientDeprecationAckDialog.xml
		DataverseDialogBuilder.Others\xml\SMBAddNewTeam.xml = DataverseDialogBuilder.Others\xml\SMBAddNewTeam.xml
		DataverseDialogBuilder.Others\xml\SMBAddNewUserCustomControlMDD.xml = DataverseDialogBuilder.Others\xml\SMBAddNewUserCustomControlMDD.xml
		DataverseDialogBuilder.Others\xml\SMBAppViewCustomizationEntityListDialog.xml = DataverseDialogBuilder.Others\xml\SMBAppViewCustomizationEntityListDialog.xml
		DataverseDialogBuilder.Others\xml\SMBBPFDialog.xml = DataverseDialogBuilder.Others\xml\SMBBPFDialog.xml
		DataverseDialogBuilder.Others\xml\SMBEditTeam.xml = DataverseDialogBuilder.Others\xml\SMBEditTeam.xml
		DataverseDialogBuilder.Others\xml\SMBEditUserCustomControlMDD.xml = DataverseDialogBuilder.Others\xml\SMBEditUserCustomControlMDD.xml
		DataverseDialogBuilder.Others\xml\SMBInviteUserCustomControlMDD.xml = DataverseDialogBuilder.Others\xml\SMBInviteUserCustomControlMDD.xml
		DataverseDialogBuilder.Others\xml\SMBMailboxAlertListDialog.xml = DataverseDialogBuilder.Others\xml\SMBMailboxAlertListDialog.xml
		DataverseDialogBuilder.Others\xml\SMSTemplateDialog.xml = DataverseDialogBuilder.Others\xml\SMSTemplateDialog.xml
		DataverseDialogBuilder.Others\xml\SocialInsightsConfigurationDialog.xml = DataverseDialogBuilder.Others\xml\SocialInsightsConfigurationDialog.xml
		DataverseDialogBuilder.Others\xml\statetransition.xml = DataverseDialogBuilder.Others\xml\statetransition.xml
		DataverseDialogBuilder.Others\xml\SubjectProperties.xml = DataverseDialogBuilder.Others\xml\SubjectProperties.xml
		DataverseDialogBuilder.Others\xml\SubjectTreeControl.xml = DataverseDialogBuilder.Others\xml\SubjectTreeControl.xml
		DataverseDialogBuilder.Others\xml\SuggestedKeywordsDesc.xml = DataverseDialogBuilder.Others\xml\SuggestedKeywordsDesc.xml
		DataverseDialogBuilder.Others\xml\SuggestionFeedbackDialog.xml = DataverseDialogBuilder.Others\xml\SuggestionFeedbackDialog.xml
		DataverseDialogBuilder.Others\xml\SuggestionsControl.xml = DataverseDialogBuilder.Others\xml\SuggestionsControl.xml
		DataverseDialogBuilder.Others\xml\SupervisorTransferDialog.xml = DataverseDialogBuilder.Others\xml\SupervisorTransferDialog.xml
		DataverseDialogBuilder.Others\xml\SwitchProcess.xml = DataverseDialogBuilder.Others\xml\SwitchProcess.xml
		DataverseDialogBuilder.Others\xml\SwitchScenario.xml = DataverseDialogBuilder.Others\xml\SwitchScenario.xml
		DataverseDialogBuilder.Others\xml\TemplatePreviewGalleryDialog.xml = DataverseDialogBuilder.Others\xml\TemplatePreviewGalleryDialog.xml
		DataverseDialogBuilder.Others\xml\TestTopicModel.xml = DataverseDialogBuilder.Others\xml\TestTopicModel.xml
		DataverseDialogBuilder.Others\xml\ThirdPartyChannelPrivacyTermsDialog.xml = DataverseDialogBuilder.Others\xml\ThirdPartyChannelPrivacyTermsDialog.xml
		DataverseDialogBuilder.Others\xml\TimeEntriesCopyDialog.xml = DataverseDialogBuilder.Others\xml\TimeEntriesCopyDialog.xml
		DataverseDialogBuilder.Others\xml\TimeEntriesImportFromExchangeAppointmentsDialog.xml = DataverseDialogBuilder.Others\xml\TimeEntriesImportFromExchangeAppointmentsDialog.xml
		DataverseDialogBuilder.Others\xml\TimeEntriesImportFromResourceAssignmentsDialog.xml = DataverseDialogBuilder.Others\xml\TimeEntriesImportFromResourceAssignmentsDialog.xml
		DataverseDialogBuilder.Others\xml\TimeEntriesImportFromResourceBookingsDialog.xml = DataverseDialogBuilder.Others\xml\TimeEntriesImportFromResourceBookingsDialog.xml
		DataverseDialogBuilder.Others\xml\TimeEntriesSelectorDialog.xml = DataverseDialogBuilder.Others\xml\TimeEntriesSelectorDialog.xml
		DataverseDialogBuilder.Others\xml\TranslateKnowledgeArticle.xml = DataverseDialogBuilder.Others\xml\TranslateKnowledgeArticle.xml
		DataverseDialogBuilder.Others\xml\UCICaseSettings.xml = DataverseDialogBuilder.Others\xml\UCICaseSettings.xml
		DataverseDialogBuilder.Others\xml\UCIRecurrenceDialog.xml = DataverseDialogBuilder.Others\xml\UCIRecurrenceDialog.xml
		DataverseDialogBuilder.Others\xml\UpdateBillingTypeDialog.xml = DataverseDialogBuilder.Others\xml\UpdateBillingTypeDialog.xml
		DataverseDialogBuilder.Others\xml\UpdatePriceListDlg.xml = DataverseDialogBuilder.Others\xml\UpdatePriceListDlg.xml
		DataverseDialogBuilder.Others\xml\UpdateSeriesDialog.xml = DataverseDialogBuilder.Others\xml\UpdateSeriesDialog.xml
		DataverseDialogBuilder.Others\xml\UploadSharePointDocument.xml = DataverseDialogBuilder.Others\xml\UploadSharePointDocument.xml
		DataverseDialogBuilder.Others\xml\ViewAssignedSequences.xml = DataverseDialogBuilder.Others\xml\ViewAssignedSequences.xml
		DataverseDialogBuilder.Others\xml\ViewConnectedSequences.xml = DataverseDialogBuilder.Others\xml\ViewConnectedSequences.xml
		DataverseDialogBuilder.Others\xml\ViewParticipatingRecords.xml = DataverseDialogBuilder.Others\xml\ViewParticipatingRecords.xml
		DataverseDialogBuilder.Others\xml\WorkHourFormDialog.xml = DataverseDialogBuilder.Others\xml\WorkHourFormDialog.xml
		DataverseDialogBuilder.Others\xml\WorkHourFormDialogV2.xml = DataverseDialogBuilder.Others\xml\WorkHourFormDialogV2.xml
		DataverseDialogBuilder.Others\xml\YammerDialog.xml = DataverseDialogBuilder.Others\xml\YammerDialog.xml
	EndProjectSection
EndProject
Global
	GlobalSection(SolutionConfigurationPlatforms) = preSolution
		Debug|Any CPU = Debug|Any CPU
		Release|Any CPU = Release|Any CPU
	EndGlobalSection
	GlobalSection(ProjectConfigurationPlatforms) = postSolution
		{AD79E486-27B7-429D-80C7-A9A3FB2ADB4E}.Debug|Any CPU.ActiveCfg = Debug|Any CPU
		{AD79E486-27B7-429D-80C7-A9A3FB2ADB4E}.Release|Any CPU.ActiveCfg = Release|Any CPU
		{AD79E486-27B7-429D-80C7-A9A3FB2ADB4E}.Release|Any CPU.Build.0 = Release|Any CPU
		{0981D9B5-01D2-4A92-8650-3D90E1CDE4EF}.Debug|Any CPU.ActiveCfg = Debug|Any CPU
		{0981D9B5-01D2-4A92-8650-3D90E1CDE4EF}.Release|Any CPU.ActiveCfg = Release|Any CPU
		{0981D9B5-01D2-4A92-8650-3D90E1CDE4EF}.Release|Any CPU.Build.0 = Release|Any CPU
		{B94C3190-9318-434A-93CE-A2A34DB7C3A6}.Debug|Any CPU.ActiveCfg = Debug|Any CPU
		{B94C3190-9318-434A-93CE-A2A34DB7C3A6}.Debug|Any CPU.Build.0 = Debug|Any CPU
		{B94C3190-9318-434A-93CE-A2A34DB7C3A6}.Release|Any CPU.ActiveCfg = Release|Any CPU
		{B94C3190-9318-434A-93CE-A2A34DB7C3A6}.Release|Any CPU.Build.0 = Release|Any CPU
		{EA29C569-1096-4497-BCAE-CE9B90DB3EC0}.Debug|Any CPU.ActiveCfg = Debug|Any CPU
		{EA29C569-1096-4497-BCAE-CE9B90DB3EC0}.Debug|Any CPU.Build.0 = Debug|Any CPU
		{EA29C569-1096-4497-BCAE-CE9B90DB3EC0}.Release|Any CPU.ActiveCfg = Release|Any CPU
		{EA29C569-1096-4497-BCAE-CE9B90DB3EC0}.Release|Any CPU.Build.0 = Release|Any CPU
	EndGlobalSection
	GlobalSection(SolutionProperties) = preSolution
		HideSolutionNode = FALSE
	EndGlobalSection
	GlobalSection(NestedProjects) = preSolution
		{8DD81CAC-AD4A-432A-BF01-4BD4E4888604} = {6E1DAC29-A855-4B33-8D65-1E29F7808402}
		{DF775347-F53E-4B5A-9503-1CC654FDA67B} = {6E1DAC29-A855-4B33-8D65-1E29F7808402}
		{F06E9CFB-6420-4BE6-8100-580108B7573A} = {DF775347-F53E-4B5A-9503-1CC654FDA67B}
		{8FE4CFB2-C3F4-46A1-AA97-D521B6D26224} = {DF775347-F53E-4B5A-9503-1CC654FDA67B}
		{7690441C-07B3-4B3A-836F-DB86EFEBC233} = {8DD81CAC-AD4A-432A-BF01-4BD4E4888604}
		{D72053F0-4AF4-4EB9-81F1-0C8D9A82BECD} = {7690441C-07B3-4B3A-836F-DB86EFEBC233}
		{F754BBB0-31DD-4C46-BF7B-94BCD4D1651E} = {7690441C-07B3-4B3A-836F-DB86EFEBC233}
		{B5E27260-1540-490D-B283-1D07A327E493} = {7690441C-07B3-4B3A-836F-DB86EFEBC233}
		{C37B654A-8165-4E10-8081-6889946A902C} = {AA34E8A3-BDF5-4BBD-89A5-BC9CC2C66CAF}
		{1A12CEB7-56B3-4DB7-B0D9-853B3F606393} = {AA34E8A3-BDF5-4BBD-89A5-BC9CC2C66CAF}
	EndGlobalSection
	GlobalSection(ExtensibilityGlobals) = postSolution
		SolutionGuid = {3A88F471-9287-4B99-A91B-6EC6B9D7F038}
	EndGlobalSection
	GlobalSection(SharedMSBuildProjectFiles) = preSolution
		DataverseDialogBuilder.Shared\DataverseDialogBuilder.Shared.projitems*{0981d9b5-01d2-4a92-8650-3d90e1cde4ef}*SharedItemsImports = 4
		DataverseDialogBuilder.Shared\DataverseDialogBuilder.Shared.projitems*{f0e5283d-a2ba-41b6-8840-f95c30202519}*SharedItemsImports = 13
	EndGlobalSection
EndGlobal
