
Microsoft Visual Studio Solution File, Format Version 12.00
# Visual Studio Version 17
VisualStudioVersion = 17.10.34928.147
MinimumVisualStudioVersion = 10.0.40219.1
Project("{D954291E-2A0B-460D-934E-DC6B0785DB48}") = "DataverseDialogBuilder.Examples.Shared", "DataverseDialogBuilder.Examples.Shared\DataverseDialogBuilder.Examples.Shared.shproj", "{1FF72D7F-35B1-45FF-AC01-5D7931443841}"
EndProject
Project("{2150E333-8FDC-42A3-9474-1A3956D46DE8}") = "Solution Items", "Solution Items", "{4FE34306-ED1A-4D2F-89E8-A0AFB55A9B2C}"
	ProjectSection(SolutionItems) = preProject
		DynamicsCrm.DevKit.Cli.json = DynamicsCrm.DevKit.Cli.json
		DynamicsCrm.DevKit.json = DynamicsCrm.DevKit.json
	EndProjectSection
EndProject
Project("{FAE04EC0-301F-11D3-BF4B-00C04F79EFBC}") = "DataverseDialogBuilder.Examples.WebResource", "DataverseDialogBuilder.Examples.WebResource\DataverseDialogBuilder.Examples.WebResource.csproj", "{633821C6-ED51-40D8-88B9-2CCCDD4CB33A}"
EndProject
Project("{FAE04EC0-301F-11D3-BF4B-00C04F79EFBC}") = "DataverseDialogBuilder.Examples.SolutionPackager", "DataverseDialogBuilder.Examples.SolutionPackager\DataverseDialogBuilder.Examples.SolutionPackager.csproj", "{BBE743C9-7F71-43FA-AD60-B40CC7E24319}"
EndProject
Global
	GlobalSection(SolutionConfigurationPlatforms) = preSolution
		Debug|Any CPU = Debug|Any CPU
		Release|Any CPU = Release|Any CPU
	EndGlobalSection
	GlobalSection(ProjectConfigurationPlatforms) = postSolution
		{633821C6-ED51-40D8-88B9-2CCCDD4CB33A}.Debug|Any CPU.ActiveCfg = Debug|Any CPU
		{633821C6-ED51-40D8-88B9-2CCCDD4CB33A}.Debug|Any CPU.Build.0 = Debug|Any CPU
		{633821C6-ED51-40D8-88B9-2CCCDD4CB33A}.Release|Any CPU.ActiveCfg = Release|Any CPU
		{633821C6-ED51-40D8-88B9-2CCCDD4CB33A}.Release|Any CPU.Build.0 = Release|Any CPU
		{BBE743C9-7F71-43FA-AD60-B40CC7E24319}.Debug|Any CPU.ActiveCfg = Debug|Any CPU
		{BBE743C9-7F71-43FA-AD60-B40CC7E24319}.Debug|Any CPU.Build.0 = Debug|Any CPU
		{BBE743C9-7F71-43FA-AD60-B40CC7E24319}.Release|Any CPU.ActiveCfg = Release|Any CPU
		{BBE743C9-7F71-43FA-AD60-B40CC7E24319}.Release|Any CPU.Build.0 = Release|Any CPU
	EndGlobalSection
	GlobalSection(SolutionProperties) = preSolution
		HideSolutionNode = FALSE
	EndGlobalSection
	GlobalSection(ExtensibilityGlobals) = postSolution
		SolutionGuid = {6F013B2C-1DA7-42D6-BCFB-023B83E913F5}
	EndGlobalSection
	GlobalSection(SharedMSBuildProjectFiles) = preSolution
		DataverseDialogBuilder.Examples.Shared\DataverseDialogBuilder.Examples.Shared.projitems*{1ff72d7f-35b1-45ff-ac01-5d7931443841}*SharedItemsImports = 13
	EndGlobalSection
EndGlobal
