{
  "name": "dataversedialogbuilder.webresource",
  "version": "1.0.0",
  "lockfileVersion": 3,
  "requires": true,
  "packages": {
    "": {
      "name": "dataversedialogbuilder.webresource",
      "version": "1.0.0",
      "license": "ISC",
      "devDependencies": {
        "@types/xrm": "^9.0.88"
      }
    },
    "node_modules/@types/xrm": {
      "version": "9.0.88",
      "resolved": "https://registry.npmjs.org/@types/xrm/-/xrm-9.0.88.tgz",
      "integrity": "sha512-AwDL3hNVDKk4TgpGo8QKqKeWxv5l3WZ+aoSl8vvENhSrb9hb30nPufpmaLjapF1XTtRyqOqqCQGcfYQ2Qn4Lqg==",
      "dev": true,
      "license": "MIT"
    }
  }
}
